<?xml version="1.0" encoding="utf-8"?>
<Project ToolsVersion="4.0" xmlns="http://schemas.microsoft.com/developer/msbuild/2003">
  <ItemGroup>
    <Filter Include="Dependecies">
      <UniqueIdentifier>{BE56C520-2A0C-3E16-B300-38ED1FB5341A}</UniqueIdentifier>
    </Filter>
    <Filter Include="Dependecies\glm">
      <UniqueIdentifier>{0D100A1D-799B-77E1-82AC-FAD5EEB6D3E1}</UniqueIdentifier>
    </Filter>
    <Filter Include="Dependecies\glm\glm">
      <UniqueIdentifier>{DCD898B4-483A-76C2-D1A7-BC743D08AD81}</UniqueIdentifier>
    </Filter>
    <Filter Include="Dependecies\glm\glm\detail">
      <UniqueIdentifier>{1EC16240-0AD1-0E11-738A-732F5FB9FDA9}</UniqueIdentifier>
    </Filter>
    <Filter Include="Dependecies\glm\glm\ext">
      <UniqueIdentifier>{3C6AED94-A8A1-352C-B1AB-994F1D625C25}</UniqueIdentifier>
    </Filter>
    <Filter Include="Dependecies\glm\glm\gtc">
      <UniqueIdentifier>{2972ED94-95A9-352C-9EB3-994F0A6A5C25}</UniqueIdentifier>
    </Filter>
    <Filter Include="Dependecies\glm\glm\gtx">
      <UniqueIdentifier>{3E72ED94-AAA9-352C-B3B3-994F1F6A5C25}</UniqueIdentifier>
    </Filter>
    <Filter Include="src">
      <UniqueIdentifier>{2DAB880B-99B4-887C-2230-9F7C8E38947C}</UniqueIdentifier>
    </Filter>
    <Filter Include="src\Platofrm">
      <UniqueIdentifier>{419307E5-2DF6-9689-D67B-CF3FC2BD620C}</UniqueIdentifier>
    </Filter>
    <Filter Include="src\Platofrm\OpenGlApi">
      <UniqueIdentifier>{AF941CA4-9B8E-45F6-84FB-DB067094AB62}</UniqueIdentifier>
    </Filter>
    <Filter Include="src\Platofrm\OpenGlApi\ApiContext">
      <UniqueIdentifier>{9D2F8D13-099E-E292-5287-9D92BE34D82E}</UniqueIdentifier>
    </Filter>
    <Filter Include="src\Platofrm\OpenGlApi\Buffer">
      <UniqueIdentifier>{B81B13C1-2434-FAEA-EDE0-898459B88E84}</UniqueIdentifier>
    </Filter>
    <Filter Include="src\Platofrm\OpenGlApi\IamGuiOpenGl">
      <UniqueIdentifier>{3F60F577-AB19-6022-3479-7AFCA0311692}</UniqueIdentifier>
    </Filter>
    <Filter Include="src\Platofrm\OpenGlApi\OpenGLREnderer">
      <UniqueIdentifier>{5A827E1D-C646-7D0D-8FAC-ADD7FB2F1943}</UniqueIdentifier>
    </Filter>
    <Filter Include="src\Platofrm\OpenGlApi\Shader">
      <UniqueIdentifier>{75C9CCE7-E1E1-B311-AA8E-43AB166648AB}</UniqueIdentifier>
    </Filter>
    <Filter Include="src\Platofrm\VulkanApi">
      <UniqueIdentifier>{5B997C86-4793-A5D8-3000-3CE91C990B45}</UniqueIdentifier>
    </Filter>
    <Filter Include="src\Platofrm\VulkanApi\Buffers">
      <UniqueIdentifier>{D783365B-C3A9-00C2-ACEF-858D98B4258E}</UniqueIdentifier>
    </Filter>
    <Filter Include="src\Platofrm\VulkanApi\Buffers\CommandBuffer">
      <UniqueIdentifier>{1FD6A82C-0BE9-A885-B4D2-8572A0C445D3}</UniqueIdentifier>
    </Filter>
    <Filter Include="src\Platofrm\VulkanApi\Buffers\FrameBuffer">
      <UniqueIdentifier>{6B1BFC23-5783-C2F1-C0EE-D607AC75D9DD}</UniqueIdentifier>
    </Filter>
    <Filter Include="src\Platofrm\VulkanApi\Device">
      <UniqueIdentifier>{9A4293FE-065B-7A28-CF07-0AC23BDF0EC2}</UniqueIdentifier>
    </Filter>
    <Filter Include="src\Platofrm\VulkanApi\Logging">
      <UniqueIdentifier>{F1A4104F-DDCA-DAB5-C610-6081B2D5FF81}</UniqueIdentifier>
    </Filter>
    <Filter Include="src\Platofrm\VulkanApi\RenderStructs">
      <UniqueIdentifier>{02AA20A0-EE90-E297-97E1-48B583A75BFE}</UniqueIdentifier>
    </Filter>
    <Filter Include="src\Platofrm\VulkanApi\Shaders">
      <UniqueIdentifier>{34E92559-200F-F0BF-0955-758BF519158C}</UniqueIdentifier>
    </Filter>
    <Filter Include="src\Platofrm\VulkanApi\Swapchain">
      <UniqueIdentifier>{887BF42D-74CC-DF6F-9D30-CE3189E072D9}</UniqueIdentifier>
    </Filter>
    <Filter Include="src\Platofrm\VulkanApi\Sync">
      <UniqueIdentifier>{A7BE0BB1-13CC-3997-9CB2-358208BF054E}</UniqueIdentifier>
    </Filter>
    <Filter Include="src\Platofrm\VulkanApi\VulkanApiContext">
      <UniqueIdentifier>{9AC73074-0657-F25E-0F53-D3767B612D6B}</UniqueIdentifier>
    </Filter>
    <Filter Include="src\Platofrm\VulkanApi\VulkanGraphicsPipeline">
      <UniqueIdentifier>{823BAF51-EEAB-B1CA-B7CA-2B5323FAE9CB}</UniqueIdentifier>
    </Filter>
    <Filter Include="src\Platofrm\VulkanApi\VulkanInstance">
      <UniqueIdentifier>{30B97FE2-9C7D-7ED2-65E3-AE9CD1661A08}</UniqueIdentifier>
    </Filter>
    <Filter Include="src\Platofrm\VulkanApi\VulkanRenderer">
      <UniqueIdentifier>{F2013B6F-5EC6-395F-272C-6A2993AFD594}</UniqueIdentifier>
    </Filter>
    <Filter Include="src\Platofrm\Windows">
      <UniqueIdentifier>{7BEE908A-677D-1A54-109C-2E4FFC092BFA}</UniqueIdentifier>
    </Filter>
    <Filter Include="src\Platofrm\Windows\Input">
      <UniqueIdentifier>{BA4E504A-A65E-FC1A-0F18-6139FB46EBB3}</UniqueIdentifier>
    </Filter>
    <Filter Include="src\PlutoniumGameEngine">
      <UniqueIdentifier>{7910A039-E547-E8D0-EE51-4CF45A080FCA}</UniqueIdentifier>
    </Filter>
    <Filter Include="src\PlutoniumGameEngine\Core">
      <UniqueIdentifier>{7168E3AD-5D23-D359-06DB-4BA4F2741DEA}</UniqueIdentifier>
    </Filter>
    <Filter Include="src\PlutoniumGameEngine\EntryPoint">
      <UniqueIdentifier>{C4313E64-B06D-41CE-1980-59C505DBE9E8}</UniqueIdentifier>
    </Filter>
    <Filter Include="src\PlutoniumGameEngine\EventSystem">
      <UniqueIdentifier>{AFD3DD0E-1B8D-48B9-A4EC-629310A5FE28}</UniqueIdentifier>
    </Filter>
    <Filter Include="src\PlutoniumGameEngine\GraphicsEngine">
      <UniqueIdentifier>{AFB24A89-9B04-2279-8423-5F8970143B62}</UniqueIdentifier>
    </Filter>
    <Filter Include="src\PlutoniumGameEngine\GraphicsEngine\Buffer">
      <UniqueIdentifier>{B87973FD-24EA-7576-ED08-F0FE5938AE77}</UniqueIdentifier>
    </Filter>
    <Filter Include="src\PlutoniumGameEngine\GraphicsEngine\GraphicsContext">
      <UniqueIdentifier>{34962A5A-2040-6069-0911-6884F5590058}</UniqueIdentifier>
    </Filter>
    <Filter Include="src\PlutoniumGameEngine\GraphicsEngine\Renderer">
      <UniqueIdentifier>{356B372F-A1A6-97F2-AA9B-148216561C23}</UniqueIdentifier>
    </Filter>
    <Filter Include="src\PlutoniumGameEngine\GraphicsEngine\Shaders">
      <UniqueIdentifier>{8816D2A9-7494-2243-5D8C-E0DA49A9646B}</UniqueIdentifier>
    </Filter>
    <Filter Include="src\PlutoniumGameEngine\IamGui">
      <UniqueIdentifier>{64B75DC1-50DD-2728-3923-ADF325E84CF4}</UniqueIdentifier>
    </Filter>
    <Filter Include="src\PlutoniumGameEngine\Input">
      <UniqueIdentifier>{3877BC6A-A48F-A394-6D3C-332ED913382E}</UniqueIdentifier>
    </Filter>
    <Filter Include="src\PlutoniumGameEngine\LayerSystem">
      <UniqueIdentifier>{6ABFFC90-D678-673B-5FD8-8115CB901DAB}</UniqueIdentifier>
    </Filter>
    <Filter Include="src\PlutoniumGameEngine\LogingSystem">
      <UniqueIdentifier>{6DCF277F-59B6-E976-0207-5094EECC62DD}</UniqueIdentifier>
    </Filter>
    <Filter Include="src\PlutoniumGameEngine\Window">
      <UniqueIdentifier>{40BB97E2-2CE1-6149-1527-E71401EC8615}</UniqueIdentifier>
    </Filter>
  </ItemGroup>
  <ItemGroup>
    <ClInclude Include="Dependecies\glm\glm\common.hpp">
      <Filter>Dependecies\glm\glm</Filter>
    </ClInclude>
    <ClInclude Include="Dependecies\glm\glm\detail\_features.hpp">
      <Filter>Dependecies\glm\glm\detail</Filter>
    </ClInclude>
    <ClInclude Include="Dependecies\glm\glm\detail\_fixes.hpp">
      <Filter>Dependecies\glm\glm\detail</Filter>
    </ClInclude>
    <ClInclude Include="Dependecies\glm\glm\detail\_noise.hpp">
      <Filter>Dependecies\glm\glm\detail</Filter>
    </ClInclude>
    <ClInclude Include="Dependecies\glm\glm\detail\_swizzle.hpp">
      <Filter>Dependecies\glm\glm\detail</Filter>
    </ClInclude>
    <ClInclude Include="Dependecies\glm\glm\detail\_swizzle_func.hpp">
      <Filter>Dependecies\glm\glm\detail</Filter>
    </ClInclude>
    <ClInclude Include="Dependecies\glm\glm\detail\_vectorize.hpp">
      <Filter>Dependecies\glm\glm\detail</Filter>
    </ClInclude>
    <ClInclude Include="Dependecies\glm\glm\detail\compute_common.hpp">
      <Filter>Dependecies\glm\glm\detail</Filter>
    </ClInclude>
    <ClInclude Include="Dependecies\glm\glm\detail\compute_vector_relational.hpp">
      <Filter>Dependecies\glm\glm\detail</Filter>
    </ClInclude>
    <ClInclude Include="Dependecies\glm\glm\detail\func_common.inl">
      <Filter>Dependecies\glm\glm\detail</Filter>
    </ClInclude>
    <ClInclude Include="Dependecies\glm\glm\detail\func_common_simd.inl">
      <Filter>Dependecies\glm\glm\detail</Filter>
    </ClInclude>
    <ClInclude Include="Dependecies\glm\glm\detail\func_exponential.inl">
      <Filter>Dependecies\glm\glm\detail</Filter>
    </ClInclude>
    <ClInclude Include="Dependecies\glm\glm\detail\func_exponential_simd.inl">
      <Filter>Dependecies\glm\glm\detail</Filter>
    </ClInclude>
    <ClInclude Include="Dependecies\glm\glm\detail\func_geometric.inl">
      <Filter>Dependecies\glm\glm\detail</Filter>
    </ClInclude>
    <ClInclude Include="Dependecies\glm\glm\detail\func_geometric_simd.inl">
      <Filter>Dependecies\glm\glm\detail</Filter>
    </ClInclude>
    <ClInclude Include="Dependecies\glm\glm\detail\func_integer.inl">
      <Filter>Dependecies\glm\glm\detail</Filter>
    </ClInclude>
    <ClInclude Include="Dependecies\glm\glm\detail\func_integer_simd.inl">
      <Filter>Dependecies\glm\glm\detail</Filter>
    </ClInclude>
    <ClInclude Include="Dependecies\glm\glm\detail\func_matrix.inl">
      <Filter>Dependecies\glm\glm\detail</Filter>
    </ClInclude>
    <ClInclude Include="Dependecies\glm\glm\detail\func_matrix_simd.inl">
      <Filter>Dependecies\glm\glm\detail</Filter>
    </ClInclude>
    <ClInclude Include="Dependecies\glm\glm\detail\func_packing.inl">
      <Filter>Dependecies\glm\glm\detail</Filter>
    </ClInclude>
    <ClInclude Include="Dependecies\glm\glm\detail\func_packing_simd.inl">
      <Filter>Dependecies\glm\glm\detail</Filter>
    </ClInclude>
    <ClInclude Include="Dependecies\glm\glm\detail\func_trigonometric.inl">
      <Filter>Dependecies\glm\glm\detail</Filter>
    </ClInclude>
    <ClInclude Include="Dependecies\glm\glm\detail\func_trigonometric_simd.inl">
      <Filter>Dependecies\glm\glm\detail</Filter>
    </ClInclude>
    <ClInclude Include="Dependecies\glm\glm\detail\func_vector_relational.inl">
      <Filter>Dependecies\glm\glm\detail</Filter>
    </ClInclude>
    <ClInclude Include="Dependecies\glm\glm\detail\func_vector_relational_simd.inl">
      <Filter>Dependecies\glm\glm\detail</Filter>
    </ClInclude>
    <ClInclude Include="Dependecies\glm\glm\detail\qualifier.hpp">
      <Filter>Dependecies\glm\glm\detail</Filter>
    </ClInclude>
    <ClInclude Include="Dependecies\glm\glm\detail\setup.hpp">
      <Filter>Dependecies\glm\glm\detail</Filter>
    </ClInclude>
    <ClInclude Include="Dependecies\glm\glm\detail\type_float.hpp">
      <Filter>Dependecies\glm\glm\detail</Filter>
    </ClInclude>
    <ClInclude Include="Dependecies\glm\glm\detail\type_half.hpp">
      <Filter>Dependecies\glm\glm\detail</Filter>
    </ClInclude>
    <ClInclude Include="Dependecies\glm\glm\detail\type_half.inl">
      <Filter>Dependecies\glm\glm\detail</Filter>
    </ClInclude>
    <ClInclude Include="Dependecies\glm\glm\detail\type_mat2x2.hpp">
      <Filter>Dependecies\glm\glm\detail</Filter>
    </ClInclude>
    <ClInclude Include="Dependecies\glm\glm\detail\type_mat2x2.inl">
      <Filter>Dependecies\glm\glm\detail</Filter>
    </ClInclude>
    <ClInclude Include="Dependecies\glm\glm\detail\type_mat2x3.hpp">
      <Filter>Dependecies\glm\glm\detail</Filter>
    </ClInclude>
    <ClInclude Include="Dependecies\glm\glm\detail\type_mat2x3.inl">
      <Filter>Dependecies\glm\glm\detail</Filter>
    </ClInclude>
    <ClInclude Include="Dependecies\glm\glm\detail\type_mat2x4.hpp">
      <Filter>Dependecies\glm\glm\detail</Filter>
    </ClInclude>
    <ClInclude Include="Dependecies\glm\glm\detail\type_mat2x4.inl">
      <Filter>Dependecies\glm\glm\detail</Filter>
    </ClInclude>
    <ClInclude Include="Dependecies\glm\glm\detail\type_mat3x2.hpp">
      <Filter>Dependecies\glm\glm\detail</Filter>
    </ClInclude>
    <ClInclude Include="Dependecies\glm\glm\detail\type_mat3x2.inl">
      <Filter>Dependecies\glm\glm\detail</Filter>
    </ClInclude>
    <ClInclude Include="Dependecies\glm\glm\detail\type_mat3x3.hpp">
      <Filter>Dependecies\glm\glm\detail</Filter>
    </ClInclude>
    <ClInclude Include="Dependecies\glm\glm\detail\type_mat3x3.inl">
      <Filter>Dependecies\glm\glm\detail</Filter>
    </ClInclude>
    <ClInclude Include="Dependecies\glm\glm\detail\type_mat3x4.hpp">
      <Filter>Dependecies\glm\glm\detail</Filter>
    </ClInclude>
    <ClInclude Include="Dependecies\glm\glm\detail\type_mat3x4.inl">
      <Filter>Dependecies\glm\glm\detail</Filter>
    </ClInclude>
    <ClInclude Include="Dependecies\glm\glm\detail\type_mat4x2.hpp">
      <Filter>Dependecies\glm\glm\detail</Filter>
    </ClInclude>
    <ClInclude Include="Dependecies\glm\glm\detail\type_mat4x2.inl">
      <Filter>Dependecies\glm\glm\detail</Filter>
    </ClInclude>
    <ClInclude Include="Dependecies\glm\glm\detail\type_mat4x3.hpp">
      <Filter>Dependecies\glm\glm\detail</Filter>
    </ClInclude>
    <ClInclude Include="Dependecies\glm\glm\detail\type_mat4x3.inl">
      <Filter>Dependecies\glm\glm\detail</Filter>
    </ClInclude>
    <ClInclude Include="Dependecies\glm\glm\detail\type_mat4x4.hpp">
      <Filter>Dependecies\glm\glm\detail</Filter>
    </ClInclude>
    <ClInclude Include="Dependecies\glm\glm\detail\type_mat4x4.inl">
      <Filter>Dependecies\glm\glm\detail</Filter>
    </ClInclude>
    <ClInclude Include="Dependecies\glm\glm\detail\type_mat4x4_simd.inl">
      <Filter>Dependecies\glm\glm\detail</Filter>
    </ClInclude>
    <ClInclude Include="Dependecies\glm\glm\detail\type_quat.hpp">
      <Filter>Dependecies\glm\glm\detail</Filter>
    </ClInclude>
    <ClInclude Include="Dependecies\glm\glm\detail\type_quat.inl">
      <Filter>Dependecies\glm\glm\detail</Filter>
    </ClInclude>
    <ClInclude Include="Dependecies\glm\glm\detail\type_quat_simd.inl">
      <Filter>Dependecies\glm\glm\detail</Filter>
    </ClInclude>
    <ClInclude Include="Dependecies\glm\glm\detail\type_vec1.hpp">
      <Filter>Dependecies\glm\glm\detail</Filter>
    </ClInclude>
    <ClInclude Include="Dependecies\glm\glm\detail\type_vec1.inl">
      <Filter>Dependecies\glm\glm\detail</Filter>
    </ClInclude>
    <ClInclude Include="Dependecies\glm\glm\detail\type_vec2.hpp">
      <Filter>Dependecies\glm\glm\detail</Filter>
    </ClInclude>
    <ClInclude Include="Dependecies\glm\glm\detail\type_vec2.inl">
      <Filter>Dependecies\glm\glm\detail</Filter>
    </ClInclude>
    <ClInclude Include="Dependecies\glm\glm\detail\type_vec3.hpp">
      <Filter>Dependecies\glm\glm\detail</Filter>
    </ClInclude>
    <ClInclude Include="Dependecies\glm\glm\detail\type_vec3.inl">
      <Filter>Dependecies\glm\glm\detail</Filter>
    </ClInclude>
    <ClInclude Include="Dependecies\glm\glm\detail\type_vec4.hpp">
      <Filter>Dependecies\glm\glm\detail</Filter>
    </ClInclude>
    <ClInclude Include="Dependecies\glm\glm\detail\type_vec4.inl">
      <Filter>Dependecies\glm\glm\detail</Filter>
    </ClInclude>
    <ClInclude Include="Dependecies\glm\glm\detail\type_vec4_simd.inl">
      <Filter>Dependecies\glm\glm\detail</Filter>
    </ClInclude>
    <ClInclude Include="Dependecies\glm\glm\exponential.hpp">
      <Filter>Dependecies\glm\glm</Filter>
    </ClInclude>
    <ClInclude Include="Dependecies\glm\glm\ext.hpp">
      <Filter>Dependecies\glm\glm</Filter>
    </ClInclude>
    <ClInclude Include="Dependecies\glm\glm\ext\matrix_clip_space.hpp">
      <Filter>Dependecies\glm\glm\ext</Filter>
    </ClInclude>
    <ClInclude Include="Dependecies\glm\glm\ext\matrix_clip_space.inl">
      <Filter>Dependecies\glm\glm\ext</Filter>
    </ClInclude>
    <ClInclude Include="Dependecies\glm\glm\ext\matrix_common.hpp">
      <Filter>Dependecies\glm\glm\ext</Filter>
    </ClInclude>
    <ClInclude Include="Dependecies\glm\glm\ext\matrix_common.inl">
      <Filter>Dependecies\glm\glm\ext</Filter>
    </ClInclude>
    <ClInclude Include="Dependecies\glm\glm\ext\matrix_double2x2.hpp">
      <Filter>Dependecies\glm\glm\ext</Filter>
    </ClInclude>
    <ClInclude Include="Dependecies\glm\glm\ext\matrix_double2x2_precision.hpp">
      <Filter>Dependecies\glm\glm\ext</Filter>
    </ClInclude>
    <ClInclude Include="Dependecies\glm\glm\ext\matrix_double2x3.hpp">
      <Filter>Dependecies\glm\glm\ext</Filter>
    </ClInclude>
    <ClInclude Include="Dependecies\glm\glm\ext\matrix_double2x3_precision.hpp">
      <Filter>Dependecies\glm\glm\ext</Filter>
    </ClInclude>
    <ClInclude Include="Dependecies\glm\glm\ext\matrix_double2x4.hpp">
      <Filter>Dependecies\glm\glm\ext</Filter>
    </ClInclude>
    <ClInclude Include="Dependecies\glm\glm\ext\matrix_double2x4_precision.hpp">
      <Filter>Dependecies\glm\glm\ext</Filter>
    </ClInclude>
    <ClInclude Include="Dependecies\glm\glm\ext\matrix_double3x2.hpp">
      <Filter>Dependecies\glm\glm\ext</Filter>
    </ClInclude>
    <ClInclude Include="Dependecies\glm\glm\ext\matrix_double3x2_precision.hpp">
      <Filter>Dependecies\glm\glm\ext</Filter>
    </ClInclude>
    <ClInclude Include="Dependecies\glm\glm\ext\matrix_double3x3.hpp">
      <Filter>Dependecies\glm\glm\ext</Filter>
    </ClInclude>
    <ClInclude Include="Dependecies\glm\glm\ext\matrix_double3x3_precision.hpp">
      <Filter>Dependecies\glm\glm\ext</Filter>
    </ClInclude>
    <ClInclude Include="Dependecies\glm\glm\ext\matrix_double3x4.hpp">
      <Filter>Dependecies\glm\glm\ext</Filter>
    </ClInclude>
    <ClInclude Include="Dependecies\glm\glm\ext\matrix_double3x4_precision.hpp">
      <Filter>Dependecies\glm\glm\ext</Filter>
    </ClInclude>
    <ClInclude Include="Dependecies\glm\glm\ext\matrix_double4x2.hpp">
      <Filter>Dependecies\glm\glm\ext</Filter>
    </ClInclude>
    <ClInclude Include="Dependecies\glm\glm\ext\matrix_double4x2_precision.hpp">
      <Filter>Dependecies\glm\glm\ext</Filter>
    </ClInclude>
    <ClInclude Include="Dependecies\glm\glm\ext\matrix_double4x3.hpp">
      <Filter>Dependecies\glm\glm\ext</Filter>
    </ClInclude>
    <ClInclude Include="Dependecies\glm\glm\ext\matrix_double4x3_precision.hpp">
      <Filter>Dependecies\glm\glm\ext</Filter>
    </ClInclude>
    <ClInclude Include="Dependecies\glm\glm\ext\matrix_double4x4.hpp">
      <Filter>Dependecies\glm\glm\ext</Filter>
    </ClInclude>
    <ClInclude Include="Dependecies\glm\glm\ext\matrix_double4x4_precision.hpp">
      <Filter>Dependecies\glm\glm\ext</Filter>
    </ClInclude>
    <ClInclude Include="Dependecies\glm\glm\ext\matrix_float2x2.hpp">
      <Filter>Dependecies\glm\glm\ext</Filter>
    </ClInclude>
    <ClInclude Include="Dependecies\glm\glm\ext\matrix_float2x2_precision.hpp">
      <Filter>Dependecies\glm\glm\ext</Filter>
    </ClInclude>
    <ClInclude Include="Dependecies\glm\glm\ext\matrix_float2x3.hpp">
      <Filter>Dependecies\glm\glm\ext</Filter>
    </ClInclude>
    <ClInclude Include="Dependecies\glm\glm\ext\matrix_float2x3_precision.hpp">
      <Filter>Dependecies\glm\glm\ext</Filter>
    </ClInclude>
    <ClInclude Include="Dependecies\glm\glm\ext\matrix_float2x4.hpp">
      <Filter>Dependecies\glm\glm\ext</Filter>
    </ClInclude>
    <ClInclude Include="Dependecies\glm\glm\ext\matrix_float2x4_precision.hpp">
      <Filter>Dependecies\glm\glm\ext</Filter>
    </ClInclude>
    <ClInclude Include="Dependecies\glm\glm\ext\matrix_float3x2.hpp">
      <Filter>Dependecies\glm\glm\ext</Filter>
    </ClInclude>
    <ClInclude Include="Dependecies\glm\glm\ext\matrix_float3x2_precision.hpp">
      <Filter>Dependecies\glm\glm\ext</Filter>
    </ClInclude>
    <ClInclude Include="Dependecies\glm\glm\ext\matrix_float3x3.hpp">
      <Filter>Dependecies\glm\glm\ext</Filter>
    </ClInclude>
    <ClInclude Include="Dependecies\glm\glm\ext\matrix_float3x3_precision.hpp">
      <Filter>Dependecies\glm\glm\ext</Filter>
    </ClInclude>
    <ClInclude Include="Dependecies\glm\glm\ext\matrix_float3x4.hpp">
      <Filter>Dependecies\glm\glm\ext</Filter>
    </ClInclude>
    <ClInclude Include="Dependecies\glm\glm\ext\matrix_float3x4_precision.hpp">
      <Filter>Dependecies\glm\glm\ext</Filter>
    </ClInclude>
    <ClInclude Include="Dependecies\glm\glm\ext\matrix_float4x2.hpp">
      <Filter>Dependecies\glm\glm\ext</Filter>
    </ClInclude>
    <ClInclude Include="Dependecies\glm\glm\ext\matrix_float4x2_precision.hpp">
      <Filter>Dependecies\glm\glm\ext</Filter>
    </ClInclude>
    <ClInclude Include="Dependecies\glm\glm\ext\matrix_float4x3.hpp">
      <Filter>Dependecies\glm\glm\ext</Filter>
    </ClInclude>
    <ClInclude Include="Dependecies\glm\glm\ext\matrix_float4x3_precision.hpp">
      <Filter>Dependecies\glm\glm\ext</Filter>
    </ClInclude>
    <ClInclude Include="Dependecies\glm\glm\ext\matrix_float4x4.hpp">
      <Filter>Dependecies\glm\glm\ext</Filter>
    </ClInclude>
    <ClInclude Include="Dependecies\glm\glm\ext\matrix_float4x4_precision.hpp">
      <Filter>Dependecies\glm\glm\ext</Filter>
    </ClInclude>
    <ClInclude Include="Dependecies\glm\glm\ext\matrix_int2x2.hpp">
      <Filter>Dependecies\glm\glm\ext</Filter>
    </ClInclude>
    <ClInclude Include="Dependecies\glm\glm\ext\matrix_int2x2_sized.hpp">
      <Filter>Dependecies\glm\glm\ext</Filter>
    </ClInclude>
    <ClInclude Include="Dependecies\glm\glm\ext\matrix_int2x3.hpp">
      <Filter>Dependecies\glm\glm\ext</Filter>
    </ClInclude>
    <ClInclude Include="Dependecies\glm\glm\ext\matrix_int2x3_sized.hpp">
      <Filter>Dependecies\glm\glm\ext</Filter>
    </ClInclude>
    <ClInclude Include="Dependecies\glm\glm\ext\matrix_int2x4.hpp">
      <Filter>Dependecies\glm\glm\ext</Filter>
    </ClInclude>
    <ClInclude Include="Dependecies\glm\glm\ext\matrix_int2x4_sized.hpp">
      <Filter>Dependecies\glm\glm\ext</Filter>
    </ClInclude>
    <ClInclude Include="Dependecies\glm\glm\ext\matrix_int3x2.hpp">
      <Filter>Dependecies\glm\glm\ext</Filter>
    </ClInclude>
    <ClInclude Include="Dependecies\glm\glm\ext\matrix_int3x2_sized.hpp">
      <Filter>Dependecies\glm\glm\ext</Filter>
    </ClInclude>
    <ClInclude Include="Dependecies\glm\glm\ext\matrix_int3x3.hpp">
      <Filter>Dependecies\glm\glm\ext</Filter>
    </ClInclude>
    <ClInclude Include="Dependecies\glm\glm\ext\matrix_int3x3_sized.hpp">
      <Filter>Dependecies\glm\glm\ext</Filter>
    </ClInclude>
    <ClInclude Include="Dependecies\glm\glm\ext\matrix_int3x4.hpp">
      <Filter>Dependecies\glm\glm\ext</Filter>
    </ClInclude>
    <ClInclude Include="Dependecies\glm\glm\ext\matrix_int3x4_sized.hpp">
      <Filter>Dependecies\glm\glm\ext</Filter>
    </ClInclude>
    <ClInclude Include="Dependecies\glm\glm\ext\matrix_int4x2.hpp">
      <Filter>Dependecies\glm\glm\ext</Filter>
    </ClInclude>
    <ClInclude Include="Dependecies\glm\glm\ext\matrix_int4x2_sized.hpp">
      <Filter>Dependecies\glm\glm\ext</Filter>
    </ClInclude>
    <ClInclude Include="Dependecies\glm\glm\ext\matrix_int4x3.hpp">
      <Filter>Dependecies\glm\glm\ext</Filter>
    </ClInclude>
    <ClInclude Include="Dependecies\glm\glm\ext\matrix_int4x3_sized.hpp">
      <Filter>Dependecies\glm\glm\ext</Filter>
    </ClInclude>
    <ClInclude Include="Dependecies\glm\glm\ext\matrix_int4x4.hpp">
      <Filter>Dependecies\glm\glm\ext</Filter>
    </ClInclude>
    <ClInclude Include="Dependecies\glm\glm\ext\matrix_int4x4_sized.hpp">
      <Filter>Dependecies\glm\glm\ext</Filter>
    </ClInclude>
    <ClInclude Include="Dependecies\glm\glm\ext\matrix_integer.hpp">
      <Filter>Dependecies\glm\glm\ext</Filter>
    </ClInclude>
    <ClInclude Include="Dependecies\glm\glm\ext\matrix_integer.inl">
      <Filter>Dependecies\glm\glm\ext</Filter>
    </ClInclude>
    <ClInclude Include="Dependecies\glm\glm\ext\matrix_projection.hpp">
      <Filter>Dependecies\glm\glm\ext</Filter>
    </ClInclude>
    <ClInclude Include="Dependecies\glm\glm\ext\matrix_projection.inl">
      <Filter>Dependecies\glm\glm\ext</Filter>
    </ClInclude>
    <ClInclude Include="Dependecies\glm\glm\ext\matrix_relational.hpp">
      <Filter>Dependecies\glm\glm\ext</Filter>
    </ClInclude>
    <ClInclude Include="Dependecies\glm\glm\ext\matrix_relational.inl">
      <Filter>Dependecies\glm\glm\ext</Filter>
    </ClInclude>
    <ClInclude Include="Dependecies\glm\glm\ext\matrix_transform.hpp">
      <Filter>Dependecies\glm\glm\ext</Filter>
    </ClInclude>
    <ClInclude Include="Dependecies\glm\glm\ext\matrix_transform.inl">
      <Filter>Dependecies\glm\glm\ext</Filter>
    </ClInclude>
    <ClInclude Include="Dependecies\glm\glm\ext\matrix_uint2x2.hpp">
      <Filter>Dependecies\glm\glm\ext</Filter>
    </ClInclude>
    <ClInclude Include="Dependecies\glm\glm\ext\matrix_uint2x2_sized.hpp">
      <Filter>Dependecies\glm\glm\ext</Filter>
    </ClInclude>
    <ClInclude Include="Dependecies\glm\glm\ext\matrix_uint2x3.hpp">
      <Filter>Dependecies\glm\glm\ext</Filter>
    </ClInclude>
    <ClInclude Include="Dependecies\glm\glm\ext\matrix_uint2x3_sized.hpp">
      <Filter>Dependecies\glm\glm\ext</Filter>
    </ClInclude>
    <ClInclude Include="Dependecies\glm\glm\ext\matrix_uint2x4.hpp">
      <Filter>Dependecies\glm\glm\ext</Filter>
    </ClInclude>
    <ClInclude Include="Dependecies\glm\glm\ext\matrix_uint2x4_sized.hpp">
      <Filter>Dependecies\glm\glm\ext</Filter>
    </ClInclude>
    <ClInclude Include="Dependecies\glm\glm\ext\matrix_uint3x2.hpp">
      <Filter>Dependecies\glm\glm\ext</Filter>
    </ClInclude>
    <ClInclude Include="Dependecies\glm\glm\ext\matrix_uint3x2_sized.hpp">
      <Filter>Dependecies\glm\glm\ext</Filter>
    </ClInclude>
    <ClInclude Include="Dependecies\glm\glm\ext\matrix_uint3x3.hpp">
      <Filter>Dependecies\glm\glm\ext</Filter>
    </ClInclude>
    <ClInclude Include="Dependecies\glm\glm\ext\matrix_uint3x3_sized.hpp">
      <Filter>Dependecies\glm\glm\ext</Filter>
    </ClInclude>
    <ClInclude Include="Dependecies\glm\glm\ext\matrix_uint3x4.hpp">
      <Filter>Dependecies\glm\glm\ext</Filter>
    </ClInclude>
    <ClInclude Include="Dependecies\glm\glm\ext\matrix_uint3x4_sized.hpp">
      <Filter>Dependecies\glm\glm\ext</Filter>
    </ClInclude>
    <ClInclude Include="Dependecies\glm\glm\ext\matrix_uint4x2.hpp">
      <Filter>Dependecies\glm\glm\ext</Filter>
    </ClInclude>
    <ClInclude Include="Dependecies\glm\glm\ext\matrix_uint4x2_sized.hpp">
      <Filter>Dependecies\glm\glm\ext</Filter>
    </ClInclude>
    <ClInclude Include="Dependecies\glm\glm\ext\matrix_uint4x3.hpp">
      <Filter>Dependecies\glm\glm\ext</Filter>
    </ClInclude>
    <ClInclude Include="Dependecies\glm\glm\ext\matrix_uint4x3_sized.hpp">
      <Filter>Dependecies\glm\glm\ext</Filter>
    </ClInclude>
    <ClInclude Include="Dependecies\glm\glm\ext\matrix_uint4x4.hpp">
      <Filter>Dependecies\glm\glm\ext</Filter>
    </ClInclude>
    <ClInclude Include="Dependecies\glm\glm\ext\matrix_uint4x4_sized.hpp">
      <Filter>Dependecies\glm\glm\ext</Filter>
    </ClInclude>
    <ClInclude Include="Dependecies\glm\glm\ext\quaternion_common.hpp">
      <Filter>Dependecies\glm\glm\ext</Filter>
    </ClInclude>
    <ClInclude Include="Dependecies\glm\glm\ext\quaternion_common.inl">
      <Filter>Dependecies\glm\glm\ext</Filter>
    </ClInclude>
    <ClInclude Include="Dependecies\glm\glm\ext\quaternion_common_simd.inl">
      <Filter>Dependecies\glm\glm\ext</Filter>
    </ClInclude>
    <ClInclude Include="Dependecies\glm\glm\ext\quaternion_double.hpp">
      <Filter>Dependecies\glm\glm\ext</Filter>
    </ClInclude>
    <ClInclude Include="Dependecies\glm\glm\ext\quaternion_double_precision.hpp">
      <Filter>Dependecies\glm\glm\ext</Filter>
    </ClInclude>
    <ClInclude Include="Dependecies\glm\glm\ext\quaternion_exponential.hpp">
      <Filter>Dependecies\glm\glm\ext</Filter>
    </ClInclude>
    <ClInclude Include="Dependecies\glm\glm\ext\quaternion_exponential.inl">
      <Filter>Dependecies\glm\glm\ext</Filter>
    </ClInclude>
    <ClInclude Include="Dependecies\glm\glm\ext\quaternion_float.hpp">
      <Filter>Dependecies\glm\glm\ext</Filter>
    </ClInclude>
    <ClInclude Include="Dependecies\glm\glm\ext\quaternion_float_precision.hpp">
      <Filter>Dependecies\glm\glm\ext</Filter>
    </ClInclude>
    <ClInclude Include="Dependecies\glm\glm\ext\quaternion_geometric.hpp">
      <Filter>Dependecies\glm\glm\ext</Filter>
    </ClInclude>
    <ClInclude Include="Dependecies\glm\glm\ext\quaternion_geometric.inl">
      <Filter>Dependecies\glm\glm\ext</Filter>
    </ClInclude>
    <ClInclude Include="Dependecies\glm\glm\ext\quaternion_relational.hpp">
      <Filter>Dependecies\glm\glm\ext</Filter>
    </ClInclude>
    <ClInclude Include="Dependecies\glm\glm\ext\quaternion_relational.inl">
      <Filter>Dependecies\glm\glm\ext</Filter>
    </ClInclude>
    <ClInclude Include="Dependecies\glm\glm\ext\quaternion_transform.hpp">
      <Filter>Dependecies\glm\glm\ext</Filter>
    </ClInclude>
    <ClInclude Include="Dependecies\glm\glm\ext\quaternion_transform.inl">
      <Filter>Dependecies\glm\glm\ext</Filter>
    </ClInclude>
    <ClInclude Include="Dependecies\glm\glm\ext\quaternion_trigonometric.hpp">
      <Filter>Dependecies\glm\glm\ext</Filter>
    </ClInclude>
    <ClInclude Include="Dependecies\glm\glm\ext\quaternion_trigonometric.inl">
      <Filter>Dependecies\glm\glm\ext</Filter>
    </ClInclude>
    <ClInclude Include="Dependecies\glm\glm\ext\scalar_common.hpp">
      <Filter>Dependecies\glm\glm\ext</Filter>
    </ClInclude>
    <ClInclude Include="Dependecies\glm\glm\ext\scalar_common.inl">
      <Filter>Dependecies\glm\glm\ext</Filter>
    </ClInclude>
    <ClInclude Include="Dependecies\glm\glm\ext\scalar_constants.hpp">
      <Filter>Dependecies\glm\glm\ext</Filter>
    </ClInclude>
    <ClInclude Include="Dependecies\glm\glm\ext\scalar_constants.inl">
      <Filter>Dependecies\glm\glm\ext</Filter>
    </ClInclude>
    <ClInclude Include="Dependecies\glm\glm\ext\scalar_int_sized.hpp">
      <Filter>Dependecies\glm\glm\ext</Filter>
    </ClInclude>
    <ClInclude Include="Dependecies\glm\glm\ext\scalar_integer.hpp">
      <Filter>Dependecies\glm\glm\ext</Filter>
    </ClInclude>
    <ClInclude Include="Dependecies\glm\glm\ext\scalar_integer.inl">
      <Filter>Dependecies\glm\glm\ext</Filter>
    </ClInclude>
    <ClInclude Include="Dependecies\glm\glm\ext\scalar_packing.hpp">
      <Filter>Dependecies\glm\glm\ext</Filter>
    </ClInclude>
    <ClInclude Include="Dependecies\glm\glm\ext\scalar_packing.inl">
      <Filter>Dependecies\glm\glm\ext</Filter>
    </ClInclude>
    <ClInclude Include="Dependecies\glm\glm\ext\scalar_reciprocal.hpp">
      <Filter>Dependecies\glm\glm\ext</Filter>
    </ClInclude>
    <ClInclude Include="Dependecies\glm\glm\ext\scalar_reciprocal.inl">
      <Filter>Dependecies\glm\glm\ext</Filter>
    </ClInclude>
    <ClInclude Include="Dependecies\glm\glm\ext\scalar_relational.hpp">
      <Filter>Dependecies\glm\glm\ext</Filter>
    </ClInclude>
    <ClInclude Include="Dependecies\glm\glm\ext\scalar_relational.inl">
      <Filter>Dependecies\glm\glm\ext</Filter>
    </ClInclude>
    <ClInclude Include="Dependecies\glm\glm\ext\scalar_uint_sized.hpp">
      <Filter>Dependecies\glm\glm\ext</Filter>
    </ClInclude>
    <ClInclude Include="Dependecies\glm\glm\ext\scalar_ulp.hpp">
      <Filter>Dependecies\glm\glm\ext</Filter>
    </ClInclude>
    <ClInclude Include="Dependecies\glm\glm\ext\scalar_ulp.inl">
      <Filter>Dependecies\glm\glm\ext</Filter>
    </ClInclude>
    <ClInclude Include="Dependecies\glm\glm\ext\vector_bool1.hpp">
      <Filter>Dependecies\glm\glm\ext</Filter>
    </ClInclude>
    <ClInclude Include="Dependecies\glm\glm\ext\vector_bool1_precision.hpp">
      <Filter>Dependecies\glm\glm\ext</Filter>
    </ClInclude>
    <ClInclude Include="Dependecies\glm\glm\ext\vector_bool2.hpp">
      <Filter>Dependecies\glm\glm\ext</Filter>
    </ClInclude>
    <ClInclude Include="Dependecies\glm\glm\ext\vector_bool2_precision.hpp">
      <Filter>Dependecies\glm\glm\ext</Filter>
    </ClInclude>
    <ClInclude Include="Dependecies\glm\glm\ext\vector_bool3.hpp">
      <Filter>Dependecies\glm\glm\ext</Filter>
    </ClInclude>
    <ClInclude Include="Dependecies\glm\glm\ext\vector_bool3_precision.hpp">
      <Filter>Dependecies\glm\glm\ext</Filter>
    </ClInclude>
    <ClInclude Include="Dependecies\glm\glm\ext\vector_bool4.hpp">
      <Filter>Dependecies\glm\glm\ext</Filter>
    </ClInclude>
    <ClInclude Include="Dependecies\glm\glm\ext\vector_bool4_precision.hpp">
      <Filter>Dependecies\glm\glm\ext</Filter>
    </ClInclude>
    <ClInclude Include="Dependecies\glm\glm\ext\vector_common.hpp">
      <Filter>Dependecies\glm\glm\ext</Filter>
    </ClInclude>
    <ClInclude Include="Dependecies\glm\glm\ext\vector_common.inl">
      <Filter>Dependecies\glm\glm\ext</Filter>
    </ClInclude>
    <ClInclude Include="Dependecies\glm\glm\ext\vector_double1.hpp">
      <Filter>Dependecies\glm\glm\ext</Filter>
    </ClInclude>
    <ClInclude Include="Dependecies\glm\glm\ext\vector_double1_precision.hpp">
      <Filter>Dependecies\glm\glm\ext</Filter>
    </ClInclude>
    <ClInclude Include="Dependecies\glm\glm\ext\vector_double2.hpp">
      <Filter>Dependecies\glm\glm\ext</Filter>
    </ClInclude>
    <ClInclude Include="Dependecies\glm\glm\ext\vector_double2_precision.hpp">
      <Filter>Dependecies\glm\glm\ext</Filter>
    </ClInclude>
    <ClInclude Include="Dependecies\glm\glm\ext\vector_double3.hpp">
      <Filter>Dependecies\glm\glm\ext</Filter>
    </ClInclude>
    <ClInclude Include="Dependecies\glm\glm\ext\vector_double3_precision.hpp">
      <Filter>Dependecies\glm\glm\ext</Filter>
    </ClInclude>
    <ClInclude Include="Dependecies\glm\glm\ext\vector_double4.hpp">
      <Filter>Dependecies\glm\glm\ext</Filter>
    </ClInclude>
    <ClInclude Include="Dependecies\glm\glm\ext\vector_double4_precision.hpp">
      <Filter>Dependecies\glm\glm\ext</Filter>
    </ClInclude>
    <ClInclude Include="Dependecies\glm\glm\ext\vector_float1.hpp">
      <Filter>Dependecies\glm\glm\ext</Filter>
    </ClInclude>
    <ClInclude Include="Dependecies\glm\glm\ext\vector_float1_precision.hpp">
      <Filter>Dependecies\glm\glm\ext</Filter>
    </ClInclude>
    <ClInclude Include="Dependecies\glm\glm\ext\vector_float2.hpp">
      <Filter>Dependecies\glm\glm\ext</Filter>
    </ClInclude>
    <ClInclude Include="Dependecies\glm\glm\ext\vector_float2_precision.hpp">
      <Filter>Dependecies\glm\glm\ext</Filter>
    </ClInclude>
    <ClInclude Include="Dependecies\glm\glm\ext\vector_float3.hpp">
      <Filter>Dependecies\glm\glm\ext</Filter>
    </ClInclude>
    <ClInclude Include="Dependecies\glm\glm\ext\vector_float3_precision.hpp">
      <Filter>Dependecies\glm\glm\ext</Filter>
    </ClInclude>
    <ClInclude Include="Dependecies\glm\glm\ext\vector_float4.hpp">
      <Filter>Dependecies\glm\glm\ext</Filter>
    </ClInclude>
    <ClInclude Include="Dependecies\glm\glm\ext\vector_float4_precision.hpp">
      <Filter>Dependecies\glm\glm\ext</Filter>
    </ClInclude>
    <ClInclude Include="Dependecies\glm\glm\ext\vector_int1.hpp">
      <Filter>Dependecies\glm\glm\ext</Filter>
    </ClInclude>
    <ClInclude Include="Dependecies\glm\glm\ext\vector_int1_sized.hpp">
      <Filter>Dependecies\glm\glm\ext</Filter>
    </ClInclude>
    <ClInclude Include="Dependecies\glm\glm\ext\vector_int2.hpp">
      <Filter>Dependecies\glm\glm\ext</Filter>
    </ClInclude>
    <ClInclude Include="Dependecies\glm\glm\ext\vector_int2_sized.hpp">
      <Filter>Dependecies\glm\glm\ext</Filter>
    </ClInclude>
    <ClInclude Include="Dependecies\glm\glm\ext\vector_int3.hpp">
      <Filter>Dependecies\glm\glm\ext</Filter>
    </ClInclude>
    <ClInclude Include="Dependecies\glm\glm\ext\vector_int3_sized.hpp">
      <Filter>Dependecies\glm\glm\ext</Filter>
    </ClInclude>
    <ClInclude Include="Dependecies\glm\glm\ext\vector_int4.hpp">
      <Filter>Dependecies\glm\glm\ext</Filter>
    </ClInclude>
    <ClInclude Include="Dependecies\glm\glm\ext\vector_int4_sized.hpp">
      <Filter>Dependecies\glm\glm\ext</Filter>
    </ClInclude>
    <ClInclude Include="Dependecies\glm\glm\ext\vector_integer.hpp">
      <Filter>Dependecies\glm\glm\ext</Filter>
    </ClInclude>
    <ClInclude Include="Dependecies\glm\glm\ext\vector_integer.inl">
      <Filter>Dependecies\glm\glm\ext</Filter>
    </ClInclude>
    <ClInclude Include="Dependecies\glm\glm\ext\vector_packing.hpp">
      <Filter>Dependecies\glm\glm\ext</Filter>
    </ClInclude>
    <ClInclude Include="Dependecies\glm\glm\ext\vector_packing.inl">
      <Filter>Dependecies\glm\glm\ext</Filter>
    </ClInclude>
    <ClInclude Include="Dependecies\glm\glm\ext\vector_reciprocal.hpp">
      <Filter>Dependecies\glm\glm\ext</Filter>
    </ClInclude>
    <ClInclude Include="Dependecies\glm\glm\ext\vector_reciprocal.inl">
      <Filter>Dependecies\glm\glm\ext</Filter>
    </ClInclude>
    <ClInclude Include="Dependecies\glm\glm\ext\vector_relational.hpp">
      <Filter>Dependecies\glm\glm\ext</Filter>
    </ClInclude>
    <ClInclude Include="Dependecies\glm\glm\ext\vector_relational.inl">
      <Filter>Dependecies\glm\glm\ext</Filter>
    </ClInclude>
    <ClInclude Include="Dependecies\glm\glm\ext\vector_uint1.hpp">
      <Filter>Dependecies\glm\glm\ext</Filter>
    </ClInclude>
    <ClInclude Include="Dependecies\glm\glm\ext\vector_uint1_sized.hpp">
      <Filter>Dependecies\glm\glm\ext</Filter>
    </ClInclude>
    <ClInclude Include="Dependecies\glm\glm\ext\vector_uint2.hpp">
      <Filter>Dependecies\glm\glm\ext</Filter>
    </ClInclude>
    <ClInclude Include="Dependecies\glm\glm\ext\vector_uint2_sized.hpp">
      <Filter>Dependecies\glm\glm\ext</Filter>
    </ClInclude>
    <ClInclude Include="Dependecies\glm\glm\ext\vector_uint3.hpp">
      <Filter>Dependecies\glm\glm\ext</Filter>
    </ClInclude>
    <ClInclude Include="Dependecies\glm\glm\ext\vector_uint3_sized.hpp">
      <Filter>Dependecies\glm\glm\ext</Filter>
    </ClInclude>
    <ClInclude Include="Dependecies\glm\glm\ext\vector_uint4.hpp">
      <Filter>Dependecies\glm\glm\ext</Filter>
    </ClInclude>
    <ClInclude Include="Dependecies\glm\glm\ext\vector_uint4_sized.hpp">
      <Filter>Dependecies\glm\glm\ext</Filter>
    </ClInclude>
    <ClInclude Include="Dependecies\glm\glm\ext\vector_ulp.hpp">
      <Filter>Dependecies\glm\glm\ext</Filter>
    </ClInclude>
    <ClInclude Include="Dependecies\glm\glm\ext\vector_ulp.inl">
      <Filter>Dependecies\glm\glm\ext</Filter>
    </ClInclude>
    <ClInclude Include="Dependecies\glm\glm\fwd.hpp">
      <Filter>Dependecies\glm\glm</Filter>
    </ClInclude>
    <ClInclude Include="Dependecies\glm\glm\geometric.hpp">
      <Filter>Dependecies\glm\glm</Filter>
    </ClInclude>
    <ClInclude Include="Dependecies\glm\glm\glm.hpp">
      <Filter>Dependecies\glm\glm</Filter>
    </ClInclude>
    <ClInclude Include="Dependecies\glm\glm\gtc\bitfield.hpp">
      <Filter>Dependecies\glm\glm\gtc</Filter>
    </ClInclude>
    <ClInclude Include="Dependecies\glm\glm\gtc\bitfield.inl">
      <Filter>Dependecies\glm\glm\gtc</Filter>
    </ClInclude>
    <ClInclude Include="Dependecies\glm\glm\gtc\color_space.hpp">
      <Filter>Dependecies\glm\glm\gtc</Filter>
    </ClInclude>
    <ClInclude Include="Dependecies\glm\glm\gtc\color_space.inl">
      <Filter>Dependecies\glm\glm\gtc</Filter>
    </ClInclude>
    <ClInclude Include="Dependecies\glm\glm\gtc\constants.hpp">
      <Filter>Dependecies\glm\glm\gtc</Filter>
    </ClInclude>
    <ClInclude Include="Dependecies\glm\glm\gtc\constants.inl">
      <Filter>Dependecies\glm\glm\gtc</Filter>
    </ClInclude>
    <ClInclude Include="Dependecies\glm\glm\gtc\epsilon.hpp">
      <Filter>Dependecies\glm\glm\gtc</Filter>
    </ClInclude>
    <ClInclude Include="Dependecies\glm\glm\gtc\epsilon.inl">
      <Filter>Dependecies\glm\glm\gtc</Filter>
    </ClInclude>
    <ClInclude Include="Dependecies\glm\glm\gtc\integer.hpp">
      <Filter>Dependecies\glm\glm\gtc</Filter>
    </ClInclude>
    <ClInclude Include="Dependecies\glm\glm\gtc\integer.inl">
      <Filter>Dependecies\glm\glm\gtc</Filter>
    </ClInclude>
    <ClInclude Include="Dependecies\glm\glm\gtc\matrix_access.hpp">
      <Filter>Dependecies\glm\glm\gtc</Filter>
    </ClInclude>
    <ClInclude Include="Dependecies\glm\glm\gtc\matrix_access.inl">
      <Filter>Dependecies\glm\glm\gtc</Filter>
    </ClInclude>
    <ClInclude Include="Dependecies\glm\glm\gtc\matrix_integer.hpp">
      <Filter>Dependecies\glm\glm\gtc</Filter>
    </ClInclude>
    <ClInclude Include="Dependecies\glm\glm\gtc\matrix_inverse.hpp">
      <Filter>Dependecies\glm\glm\gtc</Filter>
    </ClInclude>
    <ClInclude Include="Dependecies\glm\glm\gtc\matrix_inverse.inl">
      <Filter>Dependecies\glm\glm\gtc</Filter>
    </ClInclude>
    <ClInclude Include="Dependecies\glm\glm\gtc\matrix_transform.hpp">
      <Filter>Dependecies\glm\glm\gtc</Filter>
    </ClInclude>
    <ClInclude Include="Dependecies\glm\glm\gtc\matrix_transform.inl">
      <Filter>Dependecies\glm\glm\gtc</Filter>
    </ClInclude>
    <ClInclude Include="Dependecies\glm\glm\gtc\noise.hpp">
      <Filter>Dependecies\glm\glm\gtc</Filter>
    </ClInclude>
    <ClInclude Include="Dependecies\glm\glm\gtc\noise.inl">
      <Filter>Dependecies\glm\glm\gtc</Filter>
    </ClInclude>
    <ClInclude Include="Dependecies\glm\glm\gtc\packing.hpp">
      <Filter>Dependecies\glm\glm\gtc</Filter>
    </ClInclude>
    <ClInclude Include="Dependecies\glm\glm\gtc\packing.inl">
      <Filter>Dependecies\glm\glm\gtc</Filter>
    </ClInclude>
    <ClInclude Include="Dependecies\glm\glm\gtc\quaternion.hpp">
      <Filter>Dependecies\glm\glm\gtc</Filter>
    </ClInclude>
    <ClInclude Include="Dependecies\glm\glm\gtc\quaternion.inl">
      <Filter>Dependecies\glm\glm\gtc</Filter>
    </ClInclude>
    <ClInclude Include="Dependecies\glm\glm\gtc\quaternion_simd.inl">
      <Filter>Dependecies\glm\glm\gtc</Filter>
    </ClInclude>
    <ClInclude Include="Dependecies\glm\glm\gtc\random.hpp">
      <Filter>Dependecies\glm\glm\gtc</Filter>
    </ClInclude>
    <ClInclude Include="Dependecies\glm\glm\gtc\random.inl">
      <Filter>Dependecies\glm\glm\gtc</Filter>
    </ClInclude>
    <ClInclude Include="Dependecies\glm\glm\gtc\reciprocal.hpp">
      <Filter>Dependecies\glm\glm\gtc</Filter>
    </ClInclude>
    <ClInclude Include="Dependecies\glm\glm\gtc\round.hpp">
      <Filter>Dependecies\glm\glm\gtc</Filter>
    </ClInclude>
    <ClInclude Include="Dependecies\glm\glm\gtc\round.inl">
      <Filter>Dependecies\glm\glm\gtc</Filter>
    </ClInclude>
    <ClInclude Include="Dependecies\glm\glm\gtc\type_aligned.hpp">
      <Filter>Dependecies\glm\glm\gtc</Filter>
    </ClInclude>
    <ClInclude Include="Dependecies\glm\glm\gtc\type_precision.hpp">
      <Filter>Dependecies\glm\glm\gtc</Filter>
    </ClInclude>
    <ClInclude Include="Dependecies\glm\glm\gtc\type_precision.inl">
      <Filter>Dependecies\glm\glm\gtc</Filter>
    </ClInclude>
    <ClInclude Include="Dependecies\glm\glm\gtc\type_ptr.hpp">
      <Filter>Dependecies\glm\glm\gtc</Filter>
    </ClInclude>
    <ClInclude Include="Dependecies\glm\glm\gtc\type_ptr.inl">
      <Filter>Dependecies\glm\glm\gtc</Filter>
    </ClInclude>
    <ClInclude Include="Dependecies\glm\glm\gtc\ulp.hpp">
      <Filter>Dependecies\glm\glm\gtc</Filter>
    </ClInclude>
    <ClInclude Include="Dependecies\glm\glm\gtc\ulp.inl">
      <Filter>Dependecies\glm\glm\gtc</Filter>
    </ClInclude>
    <ClInclude Include="Dependecies\glm\glm\gtc\vec1.hpp">
      <Filter>Dependecies\glm\glm\gtc</Filter>
    </ClInclude>
    <ClInclude Include="Dependecies\glm\glm\gtx\associated_min_max.hpp">
      <Filter>Dependecies\glm\glm\gtx</Filter>
    </ClInclude>
    <ClInclude Include="Dependecies\glm\glm\gtx\associated_min_max.inl">
      <Filter>Dependecies\glm\glm\gtx</Filter>
    </ClInclude>
    <ClInclude Include="Dependecies\glm\glm\gtx\bit.hpp">
      <Filter>Dependecies\glm\glm\gtx</Filter>
    </ClInclude>
    <ClInclude Include="Dependecies\glm\glm\gtx\bit.inl">
      <Filter>Dependecies\glm\glm\gtx</Filter>
    </ClInclude>
    <ClInclude Include="Dependecies\glm\glm\gtx\closest_point.hpp">
      <Filter>Dependecies\glm\glm\gtx</Filter>
    </ClInclude>
    <ClInclude Include="Dependecies\glm\glm\gtx\closest_point.inl">
      <Filter>Dependecies\glm\glm\gtx</Filter>
    </ClInclude>
    <ClInclude Include="Dependecies\glm\glm\gtx\color_encoding.hpp">
      <Filter>Dependecies\glm\glm\gtx</Filter>
    </ClInclude>
    <ClInclude Include="Dependecies\glm\glm\gtx\color_encoding.inl">
      <Filter>Dependecies\glm\glm\gtx</Filter>
    </ClInclude>
    <ClInclude Include="Dependecies\glm\glm\gtx\color_space.hpp">
      <Filter>Dependecies\glm\glm\gtx</Filter>
    </ClInclude>
    <ClInclude Include="Dependecies\glm\glm\gtx\color_space.inl">
      <Filter>Dependecies\glm\glm\gtx</Filter>
    </ClInclude>
    <ClInclude Include="Dependecies\glm\glm\gtx\color_space_YCoCg.hpp">
      <Filter>Dependecies\glm\glm\gtx</Filter>
    </ClInclude>
    <ClInclude Include="Dependecies\glm\glm\gtx\color_space_YCoCg.inl">
      <Filter>Dependecies\glm\glm\gtx</Filter>
    </ClInclude>
    <ClInclude Include="Dependecies\glm\glm\gtx\common.hpp">
      <Filter>Dependecies\glm\glm\gtx</Filter>
    </ClInclude>
    <ClInclude Include="Dependecies\glm\glm\gtx\common.inl">
      <Filter>Dependecies\glm\glm\gtx</Filter>
    </ClInclude>
    <ClInclude Include="Dependecies\glm\glm\gtx\compatibility.hpp">
      <Filter>Dependecies\glm\glm\gtx</Filter>
    </ClInclude>
    <ClInclude Include="Dependecies\glm\glm\gtx\compatibility.inl">
      <Filter>Dependecies\glm\glm\gtx</Filter>
    </ClInclude>
    <ClInclude Include="Dependecies\glm\glm\gtx\component_wise.hpp">
      <Filter>Dependecies\glm\glm\gtx</Filter>
    </ClInclude>
    <ClInclude Include="Dependecies\glm\glm\gtx\component_wise.inl">
      <Filter>Dependecies\glm\glm\gtx</Filter>
    </ClInclude>
    <ClInclude Include="Dependecies\glm\glm\gtx\dual_quaternion.hpp">
      <Filter>Dependecies\glm\glm\gtx</Filter>
    </ClInclude>
    <ClInclude Include="Dependecies\glm\glm\gtx\dual_quaternion.inl">
      <Filter>Dependecies\glm\glm\gtx</Filter>
    </ClInclude>
    <ClInclude Include="Dependecies\glm\glm\gtx\easing.hpp">
      <Filter>Dependecies\glm\glm\gtx</Filter>
    </ClInclude>
    <ClInclude Include="Dependecies\glm\glm\gtx\easing.inl">
      <Filter>Dependecies\glm\glm\gtx</Filter>
    </ClInclude>
    <ClInclude Include="Dependecies\glm\glm\gtx\euler_angles.hpp">
      <Filter>Dependecies\glm\glm\gtx</Filter>
    </ClInclude>
    <ClInclude Include="Dependecies\glm\glm\gtx\euler_angles.inl">
      <Filter>Dependecies\glm\glm\gtx</Filter>
    </ClInclude>
    <ClInclude Include="Dependecies\glm\glm\gtx\extend.hpp">
      <Filter>Dependecies\glm\glm\gtx</Filter>
    </ClInclude>
    <ClInclude Include="Dependecies\glm\glm\gtx\extend.inl">
      <Filter>Dependecies\glm\glm\gtx</Filter>
    </ClInclude>
    <ClInclude Include="Dependecies\glm\glm\gtx\extended_min_max.hpp">
      <Filter>Dependecies\glm\glm\gtx</Filter>
    </ClInclude>
    <ClInclude Include="Dependecies\glm\glm\gtx\extended_min_max.inl">
      <Filter>Dependecies\glm\glm\gtx</Filter>
    </ClInclude>
    <ClInclude Include="Dependecies\glm\glm\gtx\exterior_product.hpp">
      <Filter>Dependecies\glm\glm\gtx</Filter>
    </ClInclude>
    <ClInclude Include="Dependecies\glm\glm\gtx\exterior_product.inl">
      <Filter>Dependecies\glm\glm\gtx</Filter>
    </ClInclude>
    <ClInclude Include="Dependecies\glm\glm\gtx\fast_exponential.hpp">
      <Filter>Dependecies\glm\glm\gtx</Filter>
    </ClInclude>
    <ClInclude Include="Dependecies\glm\glm\gtx\fast_exponential.inl">
      <Filter>Dependecies\glm\glm\gtx</Filter>
    </ClInclude>
    <ClInclude Include="Dependecies\glm\glm\gtx\fast_square_root.hpp">
      <Filter>Dependecies\glm\glm\gtx</Filter>
    </ClInclude>
    <ClInclude Include="Dependecies\glm\glm\gtx\fast_square_root.inl">
      <Filter>Dependecies\glm\glm\gtx</Filter>
    </ClInclude>
    <ClInclude Include="Dependecies\glm\glm\gtx\fast_trigonometry.hpp">
      <Filter>Dependecies\glm\glm\gtx</Filter>
    </ClInclude>
    <ClInclude Include="Dependecies\glm\glm\gtx\fast_trigonometry.inl">
      <Filter>Dependecies\glm\glm\gtx</Filter>
    </ClInclude>
    <ClInclude Include="Dependecies\glm\glm\gtx\float_notmalize.inl">
      <Filter>Dependecies\glm\glm\gtx</Filter>
    </ClInclude>
    <ClInclude Include="Dependecies\glm\glm\gtx\functions.hpp">
      <Filter>Dependecies\glm\glm\gtx</Filter>
    </ClInclude>
    <ClInclude Include="Dependecies\glm\glm\gtx\functions.inl">
      <Filter>Dependecies\glm\glm\gtx</Filter>
    </ClInclude>
    <ClInclude Include="Dependecies\glm\glm\gtx\gradient_paint.hpp">
      <Filter>Dependecies\glm\glm\gtx</Filter>
    </ClInclude>
    <ClInclude Include="Dependecies\glm\glm\gtx\gradient_paint.inl">
      <Filter>Dependecies\glm\glm\gtx</Filter>
    </ClInclude>
    <ClInclude Include="Dependecies\glm\glm\gtx\handed_coordinate_space.hpp">
      <Filter>Dependecies\glm\glm\gtx</Filter>
    </ClInclude>
    <ClInclude Include="Dependecies\glm\glm\gtx\handed_coordinate_space.inl">
      <Filter>Dependecies\glm\glm\gtx</Filter>
    </ClInclude>
    <ClInclude Include="Dependecies\glm\glm\gtx\hash.hpp">
      <Filter>Dependecies\glm\glm\gtx</Filter>
    </ClInclude>
    <ClInclude Include="Dependecies\glm\glm\gtx\hash.inl">
      <Filter>Dependecies\glm\glm\gtx</Filter>
    </ClInclude>
    <ClInclude Include="Dependecies\glm\glm\gtx\integer.hpp">
      <Filter>Dependecies\glm\glm\gtx</Filter>
    </ClInclude>
    <ClInclude Include="Dependecies\glm\glm\gtx\integer.inl">
      <Filter>Dependecies\glm\glm\gtx</Filter>
    </ClInclude>
    <ClInclude Include="Dependecies\glm\glm\gtx\intersect.hpp">
      <Filter>Dependecies\glm\glm\gtx</Filter>
    </ClInclude>
    <ClInclude Include="Dependecies\glm\glm\gtx\intersect.inl">
      <Filter>Dependecies\glm\glm\gtx</Filter>
    </ClInclude>
    <ClInclude Include="Dependecies\glm\glm\gtx\io.hpp">
      <Filter>Dependecies\glm\glm\gtx</Filter>
    </ClInclude>
    <ClInclude Include="Dependecies\glm\glm\gtx\io.inl">
      <Filter>Dependecies\glm\glm\gtx</Filter>
    </ClInclude>
    <ClInclude Include="Dependecies\glm\glm\gtx\log_base.hpp">
      <Filter>Dependecies\glm\glm\gtx</Filter>
    </ClInclude>
    <ClInclude Include="Dependecies\glm\glm\gtx\log_base.inl">
      <Filter>Dependecies\glm\glm\gtx</Filter>
    </ClInclude>
    <ClInclude Include="Dependecies\glm\glm\gtx\matrix_cross_product.hpp">
      <Filter>Dependecies\glm\glm\gtx</Filter>
    </ClInclude>
    <ClInclude Include="Dependecies\glm\glm\gtx\matrix_cross_product.inl">
      <Filter>Dependecies\glm\glm\gtx</Filter>
    </ClInclude>
    <ClInclude Include="Dependecies\glm\glm\gtx\matrix_decompose.hpp">
      <Filter>Dependecies\glm\glm\gtx</Filter>
    </ClInclude>
    <ClInclude Include="Dependecies\glm\glm\gtx\matrix_decompose.inl">
      <Filter>Dependecies\glm\glm\gtx</Filter>
    </ClInclude>
    <ClInclude Include="Dependecies\glm\glm\gtx\matrix_factorisation.hpp">
      <Filter>Dependecies\glm\glm\gtx</Filter>
    </ClInclude>
    <ClInclude Include="Dependecies\glm\glm\gtx\matrix_factorisation.inl">
      <Filter>Dependecies\glm\glm\gtx</Filter>
    </ClInclude>
    <ClInclude Include="Dependecies\glm\glm\gtx\matrix_interpolation.hpp">
      <Filter>Dependecies\glm\glm\gtx</Filter>
    </ClInclude>
    <ClInclude Include="Dependecies\glm\glm\gtx\matrix_interpolation.inl">
      <Filter>Dependecies\glm\glm\gtx</Filter>
    </ClInclude>
    <ClInclude Include="Dependecies\glm\glm\gtx\matrix_major_storage.hpp">
      <Filter>Dependecies\glm\glm\gtx</Filter>
    </ClInclude>
    <ClInclude Include="Dependecies\glm\glm\gtx\matrix_major_storage.inl">
      <Filter>Dependecies\glm\glm\gtx</Filter>
    </ClInclude>
    <ClInclude Include="Dependecies\glm\glm\gtx\matrix_operation.hpp">
      <Filter>Dependecies\glm\glm\gtx</Filter>
    </ClInclude>
    <ClInclude Include="Dependecies\glm\glm\gtx\matrix_operation.inl">
      <Filter>Dependecies\glm\glm\gtx</Filter>
    </ClInclude>
    <ClInclude Include="Dependecies\glm\glm\gtx\matrix_query.hpp">
      <Filter>Dependecies\glm\glm\gtx</Filter>
    </ClInclude>
    <ClInclude Include="Dependecies\glm\glm\gtx\matrix_query.inl">
      <Filter>Dependecies\glm\glm\gtx</Filter>
    </ClInclude>
    <ClInclude Include="Dependecies\glm\glm\gtx\matrix_transform_2d.hpp">
      <Filter>Dependecies\glm\glm\gtx</Filter>
    </ClInclude>
    <ClInclude Include="Dependecies\glm\glm\gtx\matrix_transform_2d.inl">
      <Filter>Dependecies\glm\glm\gtx</Filter>
    </ClInclude>
    <ClInclude Include="Dependecies\glm\glm\gtx\mixed_product.hpp">
      <Filter>Dependecies\glm\glm\gtx</Filter>
    </ClInclude>
    <ClInclude Include="Dependecies\glm\glm\gtx\mixed_product.inl">
      <Filter>Dependecies\glm\glm\gtx</Filter>
    </ClInclude>
    <ClInclude Include="Dependecies\glm\glm\gtx\norm.hpp">
      <Filter>Dependecies\glm\glm\gtx</Filter>
    </ClInclude>
    <ClInclude Include="Dependecies\glm\glm\gtx\norm.inl">
      <Filter>Dependecies\glm\glm\gtx</Filter>
    </ClInclude>
    <ClInclude Include="Dependecies\glm\glm\gtx\normal.hpp">
      <Filter>Dependecies\glm\glm\gtx</Filter>
    </ClInclude>
    <ClInclude Include="Dependecies\glm\glm\gtx\normal.inl">
      <Filter>Dependecies\glm\glm\gtx</Filter>
    </ClInclude>
    <ClInclude Include="Dependecies\glm\glm\gtx\normalize_dot.hpp">
      <Filter>Dependecies\glm\glm\gtx</Filter>
    </ClInclude>
    <ClInclude Include="Dependecies\glm\glm\gtx\normalize_dot.inl">
      <Filter>Dependecies\glm\glm\gtx</Filter>
    </ClInclude>
    <ClInclude Include="Dependecies\glm\glm\gtx\number_precision.hpp">
      <Filter>Dependecies\glm\glm\gtx</Filter>
    </ClInclude>
    <ClInclude Include="Dependecies\glm\glm\gtx\number_precision.inl">
      <Filter>Dependecies\glm\glm\gtx</Filter>
    </ClInclude>
    <ClInclude Include="Dependecies\glm\glm\gtx\optimum_pow.hpp">
      <Filter>Dependecies\glm\glm\gtx</Filter>
    </ClInclude>
    <ClInclude Include="Dependecies\glm\glm\gtx\optimum_pow.inl">
      <Filter>Dependecies\glm\glm\gtx</Filter>
    </ClInclude>
    <ClInclude Include="Dependecies\glm\glm\gtx\orthonormalize.hpp">
      <Filter>Dependecies\glm\glm\gtx</Filter>
    </ClInclude>
    <ClInclude Include="Dependecies\glm\glm\gtx\orthonormalize.inl">
      <Filter>Dependecies\glm\glm\gtx</Filter>
    </ClInclude>
    <ClInclude Include="Dependecies\glm\glm\gtx\pca.hpp">
      <Filter>Dependecies\glm\glm\gtx</Filter>
    </ClInclude>
    <ClInclude Include="Dependecies\glm\glm\gtx\pca.inl">
      <Filter>Dependecies\glm\glm\gtx</Filter>
    </ClInclude>
    <ClInclude Include="Dependecies\glm\glm\gtx\perpendicular.hpp">
      <Filter>Dependecies\glm\glm\gtx</Filter>
    </ClInclude>
    <ClInclude Include="Dependecies\glm\glm\gtx\perpendicular.inl">
      <Filter>Dependecies\glm\glm\gtx</Filter>
    </ClInclude>
    <ClInclude Include="Dependecies\glm\glm\gtx\polar_coordinates.hpp">
      <Filter>Dependecies\glm\glm\gtx</Filter>
    </ClInclude>
    <ClInclude Include="Dependecies\glm\glm\gtx\polar_coordinates.inl">
      <Filter>Dependecies\glm\glm\gtx</Filter>
    </ClInclude>
    <ClInclude Include="Dependecies\glm\glm\gtx\projection.hpp">
      <Filter>Dependecies\glm\glm\gtx</Filter>
    </ClInclude>
    <ClInclude Include="Dependecies\glm\glm\gtx\projection.inl">
      <Filter>Dependecies\glm\glm\gtx</Filter>
    </ClInclude>
    <ClInclude Include="Dependecies\glm\glm\gtx\quaternion.hpp">
      <Filter>Dependecies\glm\glm\gtx</Filter>
    </ClInclude>
    <ClInclude Include="Dependecies\glm\glm\gtx\quaternion.inl">
      <Filter>Dependecies\glm\glm\gtx</Filter>
    </ClInclude>
    <ClInclude Include="Dependecies\glm\glm\gtx\range.hpp">
      <Filter>Dependecies\glm\glm\gtx</Filter>
    </ClInclude>
    <ClInclude Include="Dependecies\glm\glm\gtx\raw_data.hpp">
      <Filter>Dependecies\glm\glm\gtx</Filter>
    </ClInclude>
    <ClInclude Include="Dependecies\glm\glm\gtx\raw_data.inl">
      <Filter>Dependecies\glm\glm\gtx</Filter>
    </ClInclude>
    <ClInclude Include="Dependecies\glm\glm\gtx\rotate_normalized_axis.hpp">
      <Filter>Dependecies\glm\glm\gtx</Filter>
    </ClInclude>
    <ClInclude Include="Dependecies\glm\glm\gtx\rotate_normalized_axis.inl">
      <Filter>Dependecies\glm\glm\gtx</Filter>
    </ClInclude>
    <ClInclude Include="Dependecies\glm\glm\gtx\rotate_vector.hpp">
      <Filter>Dependecies\glm\glm\gtx</Filter>
    </ClInclude>
    <ClInclude Include="Dependecies\glm\glm\gtx\rotate_vector.inl">
      <Filter>Dependecies\glm\glm\gtx</Filter>
    </ClInclude>
    <ClInclude Include="Dependecies\glm\glm\gtx\scalar_multiplication.hpp">
      <Filter>Dependecies\glm\glm\gtx</Filter>
    </ClInclude>
    <ClInclude Include="Dependecies\glm\glm\gtx\scalar_relational.hpp">
      <Filter>Dependecies\glm\glm\gtx</Filter>
    </ClInclude>
    <ClInclude Include="Dependecies\glm\glm\gtx\scalar_relational.inl">
      <Filter>Dependecies\glm\glm\gtx</Filter>
    </ClInclude>
    <ClInclude Include="Dependecies\glm\glm\gtx\spline.hpp">
      <Filter>Dependecies\glm\glm\gtx</Filter>
    </ClInclude>
    <ClInclude Include="Dependecies\glm\glm\gtx\spline.inl">
      <Filter>Dependecies\glm\glm\gtx</Filter>
    </ClInclude>
    <ClInclude Include="Dependecies\glm\glm\gtx\std_based_type.hpp">
      <Filter>Dependecies\glm\glm\gtx</Filter>
    </ClInclude>
    <ClInclude Include="Dependecies\glm\glm\gtx\std_based_type.inl">
      <Filter>Dependecies\glm\glm\gtx</Filter>
    </ClInclude>
    <ClInclude Include="Dependecies\glm\glm\gtx\string_cast.hpp">
      <Filter>Dependecies\glm\glm\gtx</Filter>
    </ClInclude>
    <ClInclude Include="Dependecies\glm\glm\gtx\string_cast.inl">
      <Filter>Dependecies\glm\glm\gtx</Filter>
    </ClInclude>
    <ClInclude Include="Dependecies\glm\glm\gtx\texture.hpp">
      <Filter>Dependecies\glm\glm\gtx</Filter>
    </ClInclude>
    <ClInclude Include="Dependecies\glm\glm\gtx\texture.inl">
      <Filter>Dependecies\glm\glm\gtx</Filter>
    </ClInclude>
    <ClInclude Include="Dependecies\glm\glm\gtx\transform.hpp">
      <Filter>Dependecies\glm\glm\gtx</Filter>
    </ClInclude>
    <ClInclude Include="Dependecies\glm\glm\gtx\transform.inl">
      <Filter>Dependecies\glm\glm\gtx</Filter>
    </ClInclude>
    <ClInclude Include="Dependecies\glm\glm\gtx\transform2.hpp">
      <Filter>Dependecies\glm\glm\gtx</Filter>
    </ClInclude>
    <ClInclude Include="Dependecies\glm\glm\gtx\transform2.inl">
      <Filter>Dependecies\glm\glm\gtx</Filter>
    </ClInclude>
    <ClInclude Include="Dependecies\glm\glm\gtx\type_aligned.hpp">
      <Filter>Dependecies\glm\glm\gtx</Filter>
    </ClInclude>
    <ClInclude Include="Dependecies\glm\glm\gtx\type_aligned.inl">
      <Filter>Dependecies\glm\glm\gtx</Filter>
    </ClInclude>
    <ClInclude Include="Dependecies\glm\glm\gtx\type_trait.hpp">
      <Filter>Dependecies\glm\glm\gtx</Filter>
    </ClInclude>
    <ClInclude Include="Dependecies\glm\glm\gtx\type_trait.inl">
      <Filter>Dependecies\glm\glm\gtx</Filter>
    </ClInclude>
    <ClInclude Include="Dependecies\glm\glm\gtx\vec_swizzle.hpp">
      <Filter>Dependecies\glm\glm\gtx</Filter>
    </ClInclude>
    <ClInclude Include="Dependecies\glm\glm\gtx\vector_angle.hpp">
      <Filter>Dependecies\glm\glm\gtx</Filter>
    </ClInclude>
    <ClInclude Include="Dependecies\glm\glm\gtx\vector_angle.inl">
      <Filter>Dependecies\glm\glm\gtx</Filter>
    </ClInclude>
    <ClInclude Include="Dependecies\glm\glm\gtx\vector_query.hpp">
      <Filter>Dependecies\glm\glm\gtx</Filter>
    </ClInclude>
    <ClInclude Include="Dependecies\glm\glm\gtx\vector_query.inl">
      <Filter>Dependecies\glm\glm\gtx</Filter>
    </ClInclude>
    <ClInclude Include="Dependecies\glm\glm\gtx\wrap.hpp">
      <Filter>Dependecies\glm\glm\gtx</Filter>
    </ClInclude>
    <ClInclude Include="Dependecies\glm\glm\gtx\wrap.inl">
      <Filter>Dependecies\glm\glm\gtx</Filter>
    </ClInclude>
    <ClInclude Include="Dependecies\glm\glm\integer.hpp">
      <Filter>Dependecies\glm\glm</Filter>
    </ClInclude>
    <ClInclude Include="Dependecies\glm\glm\mat2x2.hpp">
      <Filter>Dependecies\glm\glm</Filter>
    </ClInclude>
    <ClInclude Include="Dependecies\glm\glm\mat2x3.hpp">
      <Filter>Dependecies\glm\glm</Filter>
    </ClInclude>
    <ClInclude Include="Dependecies\glm\glm\mat2x4.hpp">
      <Filter>Dependecies\glm\glm</Filter>
    </ClInclude>
    <ClInclude Include="Dependecies\glm\glm\mat3x2.hpp">
      <Filter>Dependecies\glm\glm</Filter>
    </ClInclude>
    <ClInclude Include="Dependecies\glm\glm\mat3x3.hpp">
      <Filter>Dependecies\glm\glm</Filter>
    </ClInclude>
    <ClInclude Include="Dependecies\glm\glm\mat3x4.hpp">
      <Filter>Dependecies\glm\glm</Filter>
    </ClInclude>
    <ClInclude Include="Dependecies\glm\glm\mat4x2.hpp">
      <Filter>Dependecies\glm\glm</Filter>
    </ClInclude>
    <ClInclude Include="Dependecies\glm\glm\mat4x3.hpp">
      <Filter>Dependecies\glm\glm</Filter>
    </ClInclude>
    <ClInclude Include="Dependecies\glm\glm\mat4x4.hpp">
      <Filter>Dependecies\glm\glm</Filter>
    </ClInclude>
    <ClInclude Include="Dependecies\glm\glm\matrix.hpp">
      <Filter>Dependecies\glm\glm</Filter>
    </ClInclude>
    <ClInclude Include="Dependecies\glm\glm\packing.hpp">
      <Filter>Dependecies\glm\glm</Filter>
    </ClInclude>
    <ClInclude Include="Dependecies\glm\glm\trigonometric.hpp">
      <Filter>Dependecies\glm\glm</Filter>
    </ClInclude>
    <ClInclude Include="Dependecies\glm\glm\vec2.hpp">
      <Filter>Dependecies\glm\glm</Filter>
    </ClInclude>
    <ClInclude Include="Dependecies\glm\glm\vec3.hpp">
      <Filter>Dependecies\glm\glm</Filter>
    </ClInclude>
    <ClInclude Include="Dependecies\glm\glm\vec4.hpp">
      <Filter>Dependecies\glm\glm</Filter>
    </ClInclude>
    <ClInclude Include="Dependecies\glm\glm\vector_relational.hpp">
      <Filter>Dependecies\glm\glm</Filter>
    </ClInclude>
    <ClInclude Include="src\Platofrm\OpenGlApi\ApiContext\OepnGlContext.h">
      <Filter>src\Platofrm\OpenGlApi\ApiContext</Filter>
    </ClInclude>
    <ClInclude Include="src\Platofrm\OpenGlApi\Buffer\OpenGlBuffer.h">
      <Filter>src\Platofrm\OpenGlApi\Buffer</Filter>
    </ClInclude>
    <ClInclude Include="src\Platofrm\OpenGlApi\IamGuiOpenGl\IamGuiOpengl.h">
      <Filter>src\Platofrm\OpenGlApi\IamGuiOpenGl</Filter>
    </ClInclude>
    <ClInclude Include="src\Platofrm\OpenGlApi\Shader\OpenGlShader.h">
      <Filter>src\Platofrm\OpenGlApi\Shader</Filter>
    </ClInclude>
    <ClInclude Include="src\Platofrm\VulkanApi\Buffers\CommandBuffer\CommandBuffer.h">
      <Filter>src\Platofrm\VulkanApi\Buffers\CommandBuffer</Filter>
    </ClInclude>
    <ClInclude Include="src\Platofrm\VulkanApi\Buffers\FrameBuffer\FrameBuffer.h">
      <Filter>src\Platofrm\VulkanApi\Buffers\FrameBuffer</Filter>
    </ClInclude>
    <ClInclude Include="src\Platofrm\VulkanApi\Device\Device.h">
      <Filter>src\Platofrm\VulkanApi\Device</Filter>
    </ClInclude>
    <ClInclude Include="src\Platofrm\VulkanApi\Device\QueueFamilies.h">
      <Filter>src\Platofrm\VulkanApi\Device</Filter>
    </ClInclude>
    <ClInclude Include="src\Platofrm\VulkanApi\Logging\Logging.h">
      <Filter>src\Platofrm\VulkanApi\Logging</Filter>
    </ClInclude>
    <ClInclude Include="src\Platofrm\VulkanApi\RenderStructs\RenderStructs.h">
      <Filter>src\Platofrm\VulkanApi\RenderStructs</Filter>
    </ClInclude>
    <ClInclude Include="src\Platofrm\VulkanApi\Shaders\Shaders.h">
      <Filter>src\Platofrm\VulkanApi\Shaders</Filter>
    </ClInclude>
    <ClInclude Include="src\Platofrm\VulkanApi\Swapchain\Frame.h">
      <Filter>src\Platofrm\VulkanApi\Swapchain</Filter>
    </ClInclude>
    <ClInclude Include="src\Platofrm\VulkanApi\Swapchain\Swapchain.h">
      <Filter>src\Platofrm\VulkanApi\Swapchain</Filter>
    </ClInclude>
    <ClInclude Include="src\Platofrm\VulkanApi\Sync\Sync.h">
      <Filter>src\Platofrm\VulkanApi\Sync</Filter>
    </ClInclude>
    <ClInclude Include="src\Platofrm\VulkanApi\VulkanApiContext\VulkanApiContext.h">
      <Filter>src\Platofrm\VulkanApi\VulkanApiContext</Filter>
    </ClInclude>
    <ClInclude Include="src\Platofrm\VulkanApi\VulkanGraphicsPipeline\VulkanGraphicsPipeline.h">
      <Filter>src\Platofrm\VulkanApi\VulkanGraphicsPipeline</Filter>
    </ClInclude>
    <ClInclude Include="src\Platofrm\VulkanApi\VulkanInstance\VulkanInstance.h">
      <Filter>src\Platofrm\VulkanApi\VulkanInstance</Filter>
    </ClInclude>
    <ClInclude Include="src\Platofrm\VulkanApi\VulkanRenderer\VulkanRendererApi.h">
      <Filter>src\Platofrm\VulkanApi\VulkanRenderer</Filter>
    </ClInclude>
    <ClInclude Include="src\Platofrm\Windows\Input\WindowInput.h">
      <Filter>src\Platofrm\Windows\Input</Filter>
    </ClInclude>
    <ClInclude Include="src\Platofrm\Windows\WindowsWindow.h">
      <Filter>src\Platofrm\Windows</Filter>
    </ClInclude>
    <ClInclude Include="src\PlutoniumGameEngine.h">
      <Filter>src</Filter>
    </ClInclude>
    <ClInclude Include="src\PlutoniumGameEngine\Application.h">
      <Filter>src\PlutoniumGameEngine</Filter>
    </ClInclude>
    <ClInclude Include="src\PlutoniumGameEngine\Core\Core.h">
      <Filter>src\PlutoniumGameEngine\Core</Filter>
    </ClInclude>
    <ClInclude Include="src\PlutoniumGameEngine\EntryPoint\EntryPoint.h">
      <Filter>src\PlutoniumGameEngine\EntryPoint</Filter>
    </ClInclude>
    <ClInclude Include="src\PlutoniumGameEngine\EventSystem\AplicationEvent.h">
      <Filter>src\PlutoniumGameEngine\EventSystem</Filter>
    </ClInclude>
    <ClInclude Include="src\PlutoniumGameEngine\EventSystem\Event.h">
      <Filter>src\PlutoniumGameEngine\EventSystem</Filter>
    </ClInclude>
    <ClInclude Include="src\PlutoniumGameEngine\EventSystem\KeyEvent.h">
      <Filter>src\PlutoniumGameEngine\EventSystem</Filter>
    </ClInclude>
    <ClInclude Include="src\PlutoniumGameEngine\EventSystem\MouseEvent.h">
      <Filter>src\PlutoniumGameEngine\EventSystem</Filter>
    </ClInclude>
    <ClInclude Include="src\PlutoniumGameEngine\GraphicsEngine\Buffer\Buffer.h">
      <Filter>src\PlutoniumGameEngine\GraphicsEngine\Buffer</Filter>
    </ClInclude>
    <ClInclude Include="src\PlutoniumGameEngine\GraphicsEngine\GraphicsContext\GraphicsContext.h">
      <Filter>src\PlutoniumGameEngine\GraphicsEngine\GraphicsContext</Filter>
    </ClInclude>
    <ClInclude Include="src\PlutoniumGameEngine\GraphicsEngine\GraphicsEngine.h">
      <Filter>src\PlutoniumGameEngine\GraphicsEngine</Filter>
    </ClInclude>
    <ClInclude Include="src\PlutoniumGameEngine\GraphicsEngine\Renderer\RenderCommand.h">
      <Filter>src\PlutoniumGameEngine\GraphicsEngine\Renderer</Filter>
    </ClInclude>
    <ClInclude Include="src\PlutoniumGameEngine\GraphicsEngine\Renderer\RendererApi.h">
      <Filter>src\PlutoniumGameEngine\GraphicsEngine\Renderer</Filter>
    </ClInclude>
    <ClInclude Include="src\PlutoniumGameEngine\GraphicsEngine\Shaders\Shader.h">
      <Filter>src\PlutoniumGameEngine\GraphicsEngine\Shaders</Filter>
    </ClInclude>
    <ClInclude Include="src\PlutoniumGameEngine\IamGui\IamGuiApiRenderer.h">
      <Filter>src\PlutoniumGameEngine\IamGui</Filter>
    </ClInclude>
    <ClInclude Include="src\PlutoniumGameEngine\IamGui\IamGuiLayer.h">
      <Filter>src\PlutoniumGameEngine\IamGui</Filter>
    </ClInclude>
    <ClInclude Include="src\PlutoniumGameEngine\Input\Input.h">
      <Filter>src\PlutoniumGameEngine\Input</Filter>
    </ClInclude>
    <ClInclude Include="src\PlutoniumGameEngine\Input\KeyCodes.h">
      <Filter>src\PlutoniumGameEngine\Input</Filter>
    </ClInclude>
    <ClInclude Include="src\PlutoniumGameEngine\Input\MouseButtonCodes.h">
      <Filter>src\PlutoniumGameEngine\Input</Filter>
    </ClInclude>
    <ClInclude Include="src\PlutoniumGameEngine\LayerSystem\Layer.h">
      <Filter>src\PlutoniumGameEngine\LayerSystem</Filter>
    </ClInclude>
    <ClInclude Include="src\PlutoniumGameEngine\LayerSystem\LayerStack.h">
      <Filter>src\PlutoniumGameEngine\LayerSystem</Filter>
    </ClInclude>
    <ClInclude Include="src\PlutoniumGameEngine\LogingSystem\Log.h">
      <Filter>src\PlutoniumGameEngine\LogingSystem</Filter>
    </ClInclude>
    <ClInclude Include="src\PlutoniumGameEngine\Window\Window.h">
      <Filter>src\PlutoniumGameEngine\Window</Filter>
    </ClInclude>
    <ClInclude Include="src\pphd.h">
      <Filter>src</Filter>
    </ClInclude>
    <ClInclude Include="src\PlutoniumGameEngine\GraphicsEngine\Buffer\VertexArray.h" />
    <ClInclude Include="src\Platofrm\OpenGlApi\Buffer\OpenGlVerexArray.h" />
    <ClInclude Include="src\Platofrm\OpenGlApi\OpenGLREnderer\OpenGLRendererApi.h" />
  </ItemGroup>
  <ItemGroup>
    <ClCompile Include="src\Platofrm\OpenGlApi\ApiContext\OepnGlContext.cpp">
      <Filter>src\Platofrm\OpenGlApi\ApiContext</Filter>
    </ClCompile>
    <ClCompile Include="src\Platofrm\OpenGlApi\Buffer\OpenGlBuffer.cpp">
      <Filter>src\Platofrm\OpenGlApi\Buffer</Filter>
    </ClCompile>
    <ClCompile Include="src\Platofrm\OpenGlApi\IamGuiOpenGl\IamGuiOpengl.cpp">
      <Filter>src\Platofrm\OpenGlApi\IamGuiOpenGl</Filter>
    </ClCompile>
    <ClCompile Include="src\Platofrm\OpenGlApi\Shader\OpenGlShader.cpp">
      <Filter>src\Platofrm\OpenGlApi\Shader</Filter>
    </ClCompile>
    <ClCompile Include="src\Platofrm\VulkanApi\Buffers\FrameBuffer\FrameBuffer.cpp">
      <Filter>src\Platofrm\VulkanApi\Buffers\FrameBuffer</Filter>
    </ClCompile>
    <ClCompile Include="src\Platofrm\VulkanApi\Sync\Sync.cpp">
      <Filter>src\Platofrm\VulkanApi\Sync</Filter>
    </ClCompile>
    <ClCompile Include="src\Platofrm\VulkanApi\VulkanApiContext\VulkanApiContext.cpp">
      <Filter>src\Platofrm\VulkanApi\VulkanApiContext</Filter>
    </ClCompile>
    <ClCompile Include="src\Platofrm\VulkanApi\VulkanGraphicsPipeline\VulkanGraphicsPipeline.cpp">
      <Filter>src\Platofrm\VulkanApi\VulkanGraphicsPipeline</Filter>
    </ClCompile>
    <ClCompile Include="src\Platofrm\VulkanApi\VulkanInstance\VulkanInstance.cpp">
      <Filter>src\Platofrm\VulkanApi\VulkanInstance</Filter>
    </ClCompile>
    <ClCompile Include="src\Platofrm\VulkanApi\VulkanRenderer\VulkanRendererApi.cpp">
      <Filter>src\Platofrm\VulkanApi\VulkanRenderer</Filter>
    </ClCompile>
    <ClCompile Include="src\Platofrm\Windows\Input\WindowInput.cpp">
      <Filter>src\Platofrm\Windows\Input</Filter>
    </ClCompile>
    <ClCompile Include="src\Platofrm\Windows\WindowsWindow.cpp">
      <Filter>src\Platofrm\Windows</Filter>
    </ClCompile>
    <ClCompile Include="src\PlutoniumGameEngine\Application.cpp">
      <Filter>src\PlutoniumGameEngine</Filter>
    </ClCompile>
    <ClCompile Include="src\PlutoniumGameEngine\GraphicsEngine\Buffer\Buffer.cpp">
      <Filter>src\PlutoniumGameEngine\GraphicsEngine\Buffer</Filter>
    </ClCompile>
    <ClCompile Include="src\PlutoniumGameEngine\GraphicsEngine\GraphicsEngine.cpp">
      <Filter>src\PlutoniumGameEngine\GraphicsEngine</Filter>
    </ClCompile>
    <ClCompile Include="src\PlutoniumGameEngine\GraphicsEngine\Renderer\RenderCommand.cpp">
      <Filter>src\PlutoniumGameEngine\GraphicsEngine\Renderer</Filter>
    </ClCompile>
    <ClCompile Include="src\PlutoniumGameEngine\GraphicsEngine\Renderer\RendererApi.cpp">
      <Filter>src\PlutoniumGameEngine\GraphicsEngine\Renderer</Filter>
    </ClCompile>
    <ClCompile Include="src\PlutoniumGameEngine\GraphicsEngine\Shaders\Shader.cpp">
      <Filter>src\PlutoniumGameEngine\GraphicsEngine\Shaders</Filter>
    </ClCompile>
    <ClCompile Include="src\PlutoniumGameEngine\IamGui\IamGuiLayer.cpp">
      <Filter>src\PlutoniumGameEngine\IamGui</Filter>
    </ClCompile>
    <ClCompile Include="src\PlutoniumGameEngine\IamGui\ImGuiBuild.cpp">
      <Filter>src\PlutoniumGameEngine\IamGui</Filter>
    </ClCompile>
    <ClCompile Include="src\PlutoniumGameEngine\Input\Input.cpp">
      <Filter>src\PlutoniumGameEngine\Input</Filter>
    </ClCompile>
    <ClCompile Include="src\PlutoniumGameEngine\LayerSystem\Layer.cpp">
      <Filter>src\PlutoniumGameEngine\LayerSystem</Filter>
    </ClCompile>
    <ClCompile Include="src\PlutoniumGameEngine\LayerSystem\LayerStack.cpp">
      <Filter>src\PlutoniumGameEngine\LayerSystem</Filter>
    </ClCompile>
    <ClCompile Include="src\PlutoniumGameEngine\LogingSystem\Log.cpp">
      <Filter>src\PlutoniumGameEngine\LogingSystem</Filter>
    </ClCompile>
    <ClCompile Include="src\pphd.cpp">
      <Filter>src</Filter>
    </ClCompile>
    <ClCompile Include="src\PlutoniumGameEngine\GraphicsEngine\Buffer\VertexArray.cpp" />
    <ClCompile Include="src\Platofrm\OpenGlApi\Buffer\OpenGlVerexArray.cpp" />
    <ClCompile Include="src\Platofrm\OpenGlApi\OpenGLREnderer\OpenGLRendererApi.cpp" />
  </ItemGroup>
</Project>