<?xml version="1.0" encoding="utf-8"?>
<Project ToolsVersion="4.0" xmlns="http://schemas.microsoft.com/developer/msbuild/2003">
  <ItemGroup>
    <Filter Include="Platofrm">
      <UniqueIdentifier>{4A908DB4-365D-E8BF-5F76-D6674BA21D4E}</UniqueIdentifier>
    </Filter>
    <Filter Include="Platofrm\OpenGl">
      <UniqueIdentifier>{5EC20FA9-CA4D-7D6D-D35E-00623F69D96D}</UniqueIdentifier>
    </Filter>
    <Filter Include="Platofrm\Windows">
      <UniqueIdentifier>{84E42323-70DD-4275-990F-28FA85672281}</UniqueIdentifier>
    </Filter>
    <Filter Include="PlutoniumGameEngine">
      <UniqueIdentifier>{E235DC67-4E97-B975-D704-00284365F034}</UniqueIdentifier>
    </Filter>
    <Filter Include="PlutoniumGameEngine\Core">
      <UniqueIdentifier>{7A576C65-667C-BBE5-8FC7-A0757B4BBA03}</UniqueIdentifier>
    </Filter>
    <Filter Include="PlutoniumGameEngine\EntryPoint">
      <UniqueIdentifier>{8D834AF5-79A9-145C-62EF-99274EB43928}</UniqueIdentifier>
    </Filter>
    <Filter Include="PlutoniumGameEngine\EventSystem">
      <UniqueIdentifier>{985E74C1-0442-8301-0D45-B13D79A74952}</UniqueIdentifier>
    </Filter>
    <Filter Include="PlutoniumGameEngine\IamGui">
      <UniqueIdentifier>{AD8CDE7E-999C-8A4F-0256-EF6DEE8479E8}</UniqueIdentifier>
    </Filter>
    <Filter Include="PlutoniumGameEngine\LayerSystem">
      <UniqueIdentifier>{534A9343-BF2D-A283-C830-D0BF349368D4}</UniqueIdentifier>
    </Filter>
    <Filter Include="PlutoniumGameEngine\LogingSystem">
      <UniqueIdentifier>{76B78F84-6208-7BC6-8B6C-6988771C0E30}</UniqueIdentifier>
    </Filter>
    <Filter Include="PlutoniumGameEngine\Window">
      <UniqueIdentifier>{899018A0-75A0-C470-DE59-298FCA88B309}</UniqueIdentifier>
    </Filter>
  </ItemGroup>
  <ItemGroup>
    <ClInclude Include="src\Platofrm\OpenGl\ImGuiOpenGLRenderer.h">
      <Filter>Platofrm\OpenGl</Filter>
    </ClInclude>
    <ClInclude Include="src\Platofrm\Windows\WindowsWindow.h">
      <Filter>Platofrm\Windows</Filter>
    </ClInclude>
    <ClInclude Include="src\PlutoniumGameEngine.h" />
    <ClInclude Include="src\PlutoniumGameEngine\Application.h">
      <Filter>PlutoniumGameEngine</Filter>
    </ClInclude>
    <ClInclude Include="src\PlutoniumGameEngine\Core\Core.h">
      <Filter>PlutoniumGameEngine\Core</Filter>
    </ClInclude>
    <ClInclude Include="src\PlutoniumGameEngine\EntryPoint\EntryPoint.h">
      <Filter>PlutoniumGameEngine\EntryPoint</Filter>
    </ClInclude>
    <ClInclude Include="src\PlutoniumGameEngine\EventSystem\AplicationEvent.h">
      <Filter>PlutoniumGameEngine\EventSystem</Filter>
    </ClInclude>
    <ClInclude Include="src\PlutoniumGameEngine\EventSystem\Event.h">
      <Filter>PlutoniumGameEngine\EventSystem</Filter>
    </ClInclude>
    <ClInclude Include="src\PlutoniumGameEngine\EventSystem\KeyEvent.h">
      <Filter>PlutoniumGameEngine\EventSystem</Filter>
    </ClInclude>
    <ClInclude Include="src\PlutoniumGameEngine\EventSystem\MouseEvent.h">
      <Filter>PlutoniumGameEngine\EventSystem</Filter>
    </ClInclude>
    <ClInclude Include="src\PlutoniumGameEngine\IamGui\IamGuiLayer.h">
      <Filter>PlutoniumGameEngine\IamGui</Filter>
    </ClInclude>
    <ClInclude Include="src\PlutoniumGameEngine\LayerSystem\Layer.h">
      <Filter>PlutoniumGameEngine\LayerSystem</Filter>
    </ClInclude>
    <ClInclude Include="src\PlutoniumGameEngine\LayerSystem\LayerStack.h">
      <Filter>PlutoniumGameEngine\LayerSystem</Filter>
    </ClInclude>
    <ClInclude Include="src\PlutoniumGameEngine\LogingSystem\Log.h">
      <Filter>PlutoniumGameEngine\LogingSystem</Filter>
    </ClInclude>
    <ClInclude Include="src\PlutoniumGameEngine\Window\Window.h">
      <Filter>PlutoniumGameEngine\Window</Filter>
    </ClInclude>
    <ClInclude Include="src\pphd.h" />
    <ClInclude Include="src\PlutoniumGameEngine\Input\Input.h" />
    <ClInclude Include="src\Platofrm\Windows\Input\WindowInput.h" />
  </ItemGroup>
  <ItemGroup>
    <ClCompile Include="src\Platofrm\Windows\WindowsWindow.cpp">
      <Filter>Platofrm\Windows</Filter>
    </ClCompile>
    <ClCompile Include="src\PlutoniumGameEngine\Application.cpp">
      <Filter>PlutoniumGameEngine</Filter>
    </ClCompile>
    <ClCompile Include="src\PlutoniumGameEngine\IamGui\IamGuiLayer.cpp">
      <Filter>PlutoniumGameEngine\IamGui</Filter>
    </ClCompile>
    <ClCompile Include="src\PlutoniumGameEngine\LayerSystem\Layer.cpp">
      <Filter>PlutoniumGameEngine\LayerSystem</Filter>
    </ClCompile>
    <ClCompile Include="src\PlutoniumGameEngine\LayerSystem\LayerStack.cpp">
      <Filter>PlutoniumGameEngine\LayerSystem</Filter>
    </ClCompile>
    <ClCompile Include="src\PlutoniumGameEngine\LogingSystem\Log.cpp">
      <Filter>PlutoniumGameEngine\LogingSystem</Filter>
    </ClCompile>
    <ClCompile Include="src\pphd.cpp" />
    <ClCompile Include="src\Platofrm\OpenGl\ImGuiOpenGLRenderer.cpp" />
    <ClCompile Include="src\Platofrm\Windows\Input\WindowInput.cpp" />
    <ClCompile Include="src\PlutoniumGameEngine\Input\Input.cpp" />
  </ItemGroup>
</Project>